// !$*UTF8*$!
{
	archiveVersion = 1;
	classes = {
	};
	objectVersion = 55;
	objects = {

/* Begin PBXBuildFile section */
		0911392F8ADBF7B07FD4B4AF /* Pods_Movies_App.framework in Frameworks */ = {isa = PBXBuildFile; fileRef = 66EA8B1DE5416AEDA150C971 /* Pods_Movies_App.framework */; };
		FC03176F28F197F80063ED05 /* UIImageView+Extension.swift in Sources */ = {isa = PBXBuildFile; fileRef = FC03176E28F197F80063ED05 /* UIImageView+Extension.swift */; };
		FC0DFE4628E4BEE4003F9620 /* UIViewController+Extension.swift in Sources */ = {isa = PBXBuildFile; fileRef = FC0DFE4528E4BEE3003F9620 /* UIViewController+Extension.swift */; };
		FC1F3BE528CE284B00FB4338 /* ErrorMessage.swift in Sources */ = {isa = PBXBuildFile; fileRef = FC1F3BE428CE284B00FB4338 /* ErrorMessage.swift */; };
		FC1F3BE928CE2C2500FB4338 /* MoviesNetworking.swift in Sources */ = {isa = PBXBuildFile; fileRef = FC1F3BE828CE2C2500FB4338 /* MoviesNetworking.swift */; };
		FC1F3BEB28CE34D900FB4338 /* MovieAPI.swift in Sources */ = {isa = PBXBuildFile; fileRef = FC1F3BEA28CE34D900FB4338 /* MovieAPI.swift */; };
		FC1F3BEE28CE381300FB4338 /* MoviesModel.swift in Sources */ = {isa = PBXBuildFile; fileRef = FC1F3BED28CE381300FB4338 /* MoviesModel.swift */; };
		FC1F3BF028CE3C8100FB4338 /* BaseResponse.swift in Sources */ = {isa = PBXBuildFile; fileRef = FC1F3BEF28CE3C8100FB4338 /* BaseResponse.swift */; };
		FC1F3BF428CE4D6B00FB4338 /* MoviesViewController.swift in Sources */ = {isa = PBXBuildFile; fileRef = FC1F3BF228CE4D6B00FB4338 /* MoviesViewController.swift */; };
		FC1F3BF528CE4D6B00FB4338 /* MoviesViewController.xib in Resources */ = {isa = PBXBuildFile; fileRef = FC1F3BF328CE4D6B00FB4338 /* MoviesViewController.xib */; };
		FC2E318B28D3703B00E441BF /* CategoriesCollectionViewCell.swift in Sources */ = {isa = PBXBuildFile; fileRef = FC2E318928D3703B00E441BF /* CategoriesCollectionViewCell.swift */; };
		FC2E318C28D3703B00E441BF /* CategoriesCollectionViewCell.xib in Resources */ = {isa = PBXBuildFile; fileRef = FC2E318A28D3703B00E441BF /* CategoriesCollectionViewCell.xib */; };
		FC2E319128D3751700E441BF /* UICollectionView+Extension.swift in Sources */ = {isa = PBXBuildFile; fileRef = FC2E319028D3751700E441BF /* UICollectionView+Extension.swift */; };
		FC2E319328D3758F00E441BF /* MoviesViewControllerExtension.swift in Sources */ = {isa = PBXBuildFile; fileRef = FC2E319228D3758F00E441BF /* MoviesViewControllerExtension.swift */; };
		FC2E319528D3770200E441BF /* CategoriesItem.swift in Sources */ = {isa = PBXBuildFile; fileRef = FC2E319428D3770200E441BF /* CategoriesItem.swift */; };
		FC36D40928E85CD700096C39 /* FavoritesViewControllerExtension.swift in Sources */ = {isa = PBXBuildFile; fileRef = FC36D40828E85CD700096C39 /* FavoritesViewControllerExtension.swift */; };
		FC36D40B28E85D7D00096C39 /* FavoritesModel.swift in Sources */ = {isa = PBXBuildFile; fileRef = FC36D40A28E85D7D00096C39 /* FavoritesModel.swift */; };
		FC3AD55728CCDE1700855520 /* AppDelegate.swift in Sources */ = {isa = PBXBuildFile; fileRef = FC3AD55628CCDE1700855520 /* AppDelegate.swift */; };
		FC3AD55928CCDE1700855520 /* SceneDelegate.swift in Sources */ = {isa = PBXBuildFile; fileRef = FC3AD55828CCDE1700855520 /* SceneDelegate.swift */; };
		FC3AD56128CCDE1700855520 /* Movies_App.xcdatamodeld in Sources */ = {isa = PBXBuildFile; fileRef = FC3AD55F28CCDE1700855520 /* Movies_App.xcdatamodeld */; };
		FC3AD56328CCDE1A00855520 /* Assets.xcassets in Resources */ = {isa = PBXBuildFile; fileRef = FC3AD56228CCDE1A00855520 /* Assets.xcassets */; };
		FC3AD56628CCDE1A00855520 /* LaunchScreen.storyboard in Resources */ = {isa = PBXBuildFile; fileRef = FC3AD56428CCDE1A00855520 /* LaunchScreen.storyboard */; };
		FC3AD57128CCDE1A00855520 /* Movies_AppTests.swift in Sources */ = {isa = PBXBuildFile; fileRef = FC3AD57028CCDE1A00855520 /* Movies_AppTests.swift */; };
		FC3AD57B28CCDE1A00855520 /* Movies_AppUITests.swift in Sources */ = {isa = PBXBuildFile; fileRef = FC3AD57A28CCDE1A00855520 /* Movies_AppUITests.swift */; };
		FC3AD57D28CCDE1A00855520 /* Movies_AppUITestsLaunchTests.swift in Sources */ = {isa = PBXBuildFile; fileRef = FC3AD57C28CCDE1A00855520 /* Movies_AppUITestsLaunchTests.swift */; };
		FC5406DD28E8B35900996600 /* MoviesDetailsViewControllerExtension.swift in Sources */ = {isa = PBXBuildFile; fileRef = FC5406DC28E8B35900996600 /* MoviesDetailsViewControllerExtension.swift */; };
		FC8F4BDC28E25F49004BF363 /* MoviesDetailsViewController.swift in Sources */ = {isa = PBXBuildFile; fileRef = FC8F4BDA28E25F49004BF363 /* MoviesDetailsViewController.swift */; };
		FC8F4BDD28E25F49004BF363 /* MoviesDetailsViewController.xib in Resources */ = {isa = PBXBuildFile; fileRef = FC8F4BDB28E25F49004BF363 /* MoviesDetailsViewController.xib */; };
		FC939AEB28E20808008ADE75 /* AllMoviesCollectionViewCell.swift in Sources */ = {isa = PBXBuildFile; fileRef = FC939AE928E20808008ADE75 /* AllMoviesCollectionViewCell.swift */; };
		FC939AEC28E20808008ADE75 /* AllMoviesCollectionViewCell.xib in Resources */ = {isa = PBXBuildFile; fileRef = FC939AEA28E20808008ADE75 /* AllMoviesCollectionViewCell.xib */; };
		FC939AEF28E208EE008ADE75 /* AllMoviesViewController.swift in Sources */ = {isa = PBXBuildFile; fileRef = FC939AED28E208EE008ADE75 /* AllMoviesViewController.swift */; };
		FC939AF028E208EE008ADE75 /* AllMoviesViewController.xib in Resources */ = {isa = PBXBuildFile; fileRef = FC939AEE28E208EE008ADE75 /* AllMoviesViewController.xib */; };
		FC9D27D428D7A3BB0090B2C1 /* TabBarController.swift in Sources */ = {isa = PBXBuildFile; fileRef = FC9D27D228D7A3BB0090B2C1 /* TabBarController.swift */; };
		FC9D27D528D7A3BB0090B2C1 /* TabBarController.xib in Resources */ = {isa = PBXBuildFile; fileRef = FC9D27D328D7A3BB0090B2C1 /* TabBarController.xib */; };
		FC9D27D828D7A4390090B2C1 /* FavoritesViewController.swift in Sources */ = {isa = PBXBuildFile; fileRef = FC9D27D628D7A4390090B2C1 /* FavoritesViewController.swift */; };
		FC9D27D928D7A4390090B2C1 /* FavoritesViewController.xib in Resources */ = {isa = PBXBuildFile; fileRef = FC9D27D728D7A4390090B2C1 /* FavoritesViewController.xib */; };
		FC9D27DC28D7A4980090B2C1 /* ProfileViewController.swift in Sources */ = {isa = PBXBuildFile; fileRef = FC9D27DA28D7A4980090B2C1 /* ProfileViewController.swift */; };
		FC9D27DD28D7A4980090B2C1 /* ProfileViewController.xib in Resources */ = {isa = PBXBuildFile; fileRef = FC9D27DB28D7A4980090B2C1 /* ProfileViewController.xib */; };
		FCA4DBA028CDE986008D6033 /* Base.swift in Sources */ = {isa = PBXBuildFile; fileRef = FCA4DB9F28CDE986008D6033 /* Base.swift */; };
		FCA4DBA228CDEDFC008D6033 /* BaseAPI.swift in Sources */ = {isa = PBXBuildFile; fileRef = FCA4DBA128CDEDFC008D6033 /* BaseAPI.swift */; };
		FCA69A8328E8616D000D1561 /* FavoritesTableViewCell.swift in Sources */ = {isa = PBXBuildFile; fileRef = FCA69A8128E8616D000D1561 /* FavoritesTableViewCell.swift */; };
		FCA69A8428E8616D000D1561 /* FavoritesTableViewCell.xib in Resources */ = {isa = PBXBuildFile; fileRef = FCA69A8228E8616D000D1561 /* FavoritesTableViewCell.xib */; };
		FCA69A8628E880DC000D1561 /* UITableView+Extension.swift in Sources */ = {isa = PBXBuildFile; fileRef = FCA69A8528E880DC000D1561 /* UITableView+Extension.swift */; };
		FCC60B6F28E2071E00CC89CC /* AllMoviesViewControllerExtension.swift in Sources */ = {isa = PBXBuildFile; fileRef = FCC60B6E28E2071E00CC89CC /* AllMoviesViewControllerExtension.swift */; };
		FCE15C8E28E8BBAE002A83BD /* MovieGenreCollectionViewCell.swift in Sources */ = {isa = PBXBuildFile; fileRef = FCE15C8C28E8BBAE002A83BD /* MovieGenreCollectionViewCell.swift */; };
		FCE15C8F28E8BBAE002A83BD /* MovieGenreCollectionViewCell.xib in Resources */ = {isa = PBXBuildFile; fileRef = FCE15C8D28E8BBAE002A83BD /* MovieGenreCollectionViewCell.xib */; };
/* End PBXBuildFile section */

/* Begin PBXContainerItemProxy section */
		FC3AD56D28CCDE1A00855520 /* PBXContainerItemProxy */ = {
			isa = PBXContainerItemProxy;
			containerPortal = FC3AD54B28CCDE1700855520 /* Project object */;
			proxyType = 1;
			remoteGlobalIDString = FC3AD55228CCDE1700855520;
			remoteInfo = "Movies App";
		};
		FC3AD57728CCDE1A00855520 /* PBXContainerItemProxy */ = {
			isa = PBXContainerItemProxy;
			containerPortal = FC3AD54B28CCDE1700855520 /* Project object */;
			proxyType = 1;
			remoteGlobalIDString = FC3AD55228CCDE1700855520;
			remoteInfo = "Movies App";
		};
/* End PBXContainerItemProxy section */

/* Begin PBXFileReference section */
		66EA8B1DE5416AEDA150C971 /* Pods_Movies_App.framework */ = {isa = PBXFileReference; explicitFileType = wrapper.framework; includeInIndex = 0; path = Pods_Movies_App.framework; sourceTree = BUILT_PRODUCTS_DIR; };
		722693B5AB114F8DE893EB9F /* Pods-Movies App.debug.xcconfig */ = {isa = PBXFileReference; includeInIndex = 1; lastKnownFileType = text.xcconfig; name = "Pods-Movies App.debug.xcconfig"; path = "Target Support Files/Pods-Movies App/Pods-Movies App.debug.xcconfig"; sourceTree = "<group>"; };
		EE274BEB784C4F75AB0C56C8 /* Pods-Movies App.release.xcconfig */ = {isa = PBXFileReference; includeInIndex = 1; lastKnownFileType = text.xcconfig; name = "Pods-Movies App.release.xcconfig"; path = "Target Support Files/Pods-Movies App/Pods-Movies App.release.xcconfig"; sourceTree = "<group>"; };
		FC03176E28F197F80063ED05 /* UIImageView+Extension.swift */ = {isa = PBXFileReference; lastKnownFileType = sourcecode.swift; path = "UIImageView+Extension.swift"; sourceTree = "<group>"; };
		FC0DFE4528E4BEE3003F9620 /* UIViewController+Extension.swift */ = {isa = PBXFileReference; lastKnownFileType = sourcecode.swift; path = "UIViewController+Extension.swift"; sourceTree = "<group>"; };
		FC1F3BE428CE284B00FB4338 /* ErrorMessage.swift */ = {isa = PBXFileReference; lastKnownFileType = sourcecode.swift; path = ErrorMessage.swift; sourceTree = "<group>"; };
		FC1F3BE828CE2C2500FB4338 /* MoviesNetworking.swift */ = {isa = PBXFileReference; lastKnownFileType = sourcecode.swift; path = MoviesNetworking.swift; sourceTree = "<group>"; };
		FC1F3BEA28CE34D900FB4338 /* MovieAPI.swift */ = {isa = PBXFileReference; lastKnownFileType = sourcecode.swift; path = MovieAPI.swift; sourceTree = "<group>"; };
		FC1F3BED28CE381300FB4338 /* MoviesModel.swift */ = {isa = PBXFileReference; lastKnownFileType = sourcecode.swift; path = MoviesModel.swift; sourceTree = "<group>"; };
		FC1F3BEF28CE3C8100FB4338 /* BaseResponse.swift */ = {isa = PBXFileReference; lastKnownFileType = sourcecode.swift; path = BaseResponse.swift; sourceTree = "<group>"; };
		FC1F3BF228CE4D6B00FB4338 /* MoviesViewController.swift */ = {isa = PBXFileReference; lastKnownFileType = sourcecode.swift; path = MoviesViewController.swift; sourceTree = "<group>"; };
		FC1F3BF328CE4D6B00FB4338 /* MoviesViewController.xib */ = {isa = PBXFileReference; lastKnownFileType = file.xib; path = MoviesViewController.xib; sourceTree = "<group>"; };
		FC2E318928D3703B00E441BF /* CategoriesCollectionViewCell.swift */ = {isa = PBXFileReference; lastKnownFileType = sourcecode.swift; path = CategoriesCollectionViewCell.swift; sourceTree = "<group>"; };
		FC2E318A28D3703B00E441BF /* CategoriesCollectionViewCell.xib */ = {isa = PBXFileReference; lastKnownFileType = file.xib; path = CategoriesCollectionViewCell.xib; sourceTree = "<group>"; };
		FC2E319028D3751700E441BF /* UICollectionView+Extension.swift */ = {isa = PBXFileReference; lastKnownFileType = sourcecode.swift; path = "UICollectionView+Extension.swift"; sourceTree = "<group>"; };
		FC2E319228D3758F00E441BF /* MoviesViewControllerExtension.swift */ = {isa = PBXFileReference; lastKnownFileType = sourcecode.swift; path = MoviesViewControllerExtension.swift; sourceTree = "<group>"; };
		FC2E319428D3770200E441BF /* CategoriesItem.swift */ = {isa = PBXFileReference; lastKnownFileType = sourcecode.swift; path = CategoriesItem.swift; sourceTree = "<group>"; };
		FC36D40828E85CD700096C39 /* FavoritesViewControllerExtension.swift */ = {isa = PBXFileReference; lastKnownFileType = sourcecode.swift; path = FavoritesViewControllerExtension.swift; sourceTree = "<group>"; };
		FC36D40A28E85D7D00096C39 /* FavoritesModel.swift */ = {isa = PBXFileReference; lastKnownFileType = sourcecode.swift; path = FavoritesModel.swift; sourceTree = "<group>"; };
		FC3AD55328CCDE1700855520 /* Movies App.app */ = {isa = PBXFileReference; explicitFileType = wrapper.application; includeInIndex = 0; path = "Movies App.app"; sourceTree = BUILT_PRODUCTS_DIR; };
		FC3AD55628CCDE1700855520 /* AppDelegate.swift */ = {isa = PBXFileReference; lastKnownFileType = sourcecode.swift; path = AppDelegate.swift; sourceTree = "<group>"; };
		FC3AD55828CCDE1700855520 /* SceneDelegate.swift */ = {isa = PBXFileReference; lastKnownFileType = sourcecode.swift; path = SceneDelegate.swift; sourceTree = "<group>"; };
		FC3AD56028CCDE1700855520 /* Movies_App.xcdatamodel */ = {isa = PBXFileReference; lastKnownFileType = wrapper.xcdatamodel; path = Movies_App.xcdatamodel; sourceTree = "<group>"; };
		FC3AD56228CCDE1A00855520 /* Assets.xcassets */ = {isa = PBXFileReference; lastKnownFileType = folder.assetcatalog; path = Assets.xcassets; sourceTree = "<group>"; };
		FC3AD56528CCDE1A00855520 /* Base */ = {isa = PBXFileReference; lastKnownFileType = file.storyboard; name = Base; path = Base.lproj/LaunchScreen.storyboard; sourceTree = "<group>"; };
		FC3AD56728CCDE1A00855520 /* Info.plist */ = {isa = PBXFileReference; lastKnownFileType = text.plist.xml; path = Info.plist; sourceTree = "<group>"; };
		FC3AD56C28CCDE1A00855520 /* Movies AppTests.xctest */ = {isa = PBXFileReference; explicitFileType = wrapper.cfbundle; includeInIndex = 0; path = "Movies AppTests.xctest"; sourceTree = BUILT_PRODUCTS_DIR; };
		FC3AD57028CCDE1A00855520 /* Movies_AppTests.swift */ = {isa = PBXFileReference; lastKnownFileType = sourcecode.swift; path = Movies_AppTests.swift; sourceTree = "<group>"; };
		FC3AD57628CCDE1A00855520 /* Movies AppUITests.xctest */ = {isa = PBXFileReference; explicitFileType = wrapper.cfbundle; includeInIndex = 0; path = "Movies AppUITests.xctest"; sourceTree = BUILT_PRODUCTS_DIR; };
		FC3AD57A28CCDE1A00855520 /* Movies_AppUITests.swift */ = {isa = PBXFileReference; lastKnownFileType = sourcecode.swift; path = Movies_AppUITests.swift; sourceTree = "<group>"; };
		FC3AD57C28CCDE1A00855520 /* Movies_AppUITestsLaunchTests.swift */ = {isa = PBXFileReference; lastKnownFileType = sourcecode.swift; path = Movies_AppUITestsLaunchTests.swift; sourceTree = "<group>"; };
		FC5406DC28E8B35900996600 /* MoviesDetailsViewControllerExtension.swift */ = {isa = PBXFileReference; lastKnownFileType = sourcecode.swift; path = MoviesDetailsViewControllerExtension.swift; sourceTree = "<group>"; };
		FC8F4BDA28E25F49004BF363 /* MoviesDetailsViewController.swift */ = {isa = PBXFileReference; lastKnownFileType = sourcecode.swift; path = MoviesDetailsViewController.swift; sourceTree = "<group>"; };
		FC8F4BDB28E25F49004BF363 /* MoviesDetailsViewController.xib */ = {isa = PBXFileReference; lastKnownFileType = file.xib; path = MoviesDetailsViewController.xib; sourceTree = "<group>"; };
		FC939AE928E20808008ADE75 /* AllMoviesCollectionViewCell.swift */ = {isa = PBXFileReference; lastKnownFileType = sourcecode.swift; path = AllMoviesCollectionViewCell.swift; sourceTree = "<group>"; };
		FC939AEA28E20808008ADE75 /* AllMoviesCollectionViewCell.xib */ = {isa = PBXFileReference; lastKnownFileType = file.xib; name = AllMoviesCollectionViewCell.xib; path = ../Controllers/AllMoviesCollectionViewCell.xib; sourceTree = "<group>"; };
		FC939AED28E208EE008ADE75 /* AllMoviesViewController.swift */ = {isa = PBXFileReference; lastKnownFileType = sourcecode.swift; path = AllMoviesViewController.swift; sourceTree = "<group>"; };
		FC939AEE28E208EE008ADE75 /* AllMoviesViewController.xib */ = {isa = PBXFileReference; lastKnownFileType = file.xib; name = AllMoviesViewController.xib; path = ../Controllers/AllMoviesViewController.xib; sourceTree = "<group>"; };
		FC9D27D228D7A3BB0090B2C1 /* TabBarController.swift */ = {isa = PBXFileReference; lastKnownFileType = sourcecode.swift; path = TabBarController.swift; sourceTree = "<group>"; };
		FC9D27D328D7A3BB0090B2C1 /* TabBarController.xib */ = {isa = PBXFileReference; lastKnownFileType = file.xib; path = TabBarController.xib; sourceTree = "<group>"; };
		FC9D27D628D7A4390090B2C1 /* FavoritesViewController.swift */ = {isa = PBXFileReference; lastKnownFileType = sourcecode.swift; path = FavoritesViewController.swift; sourceTree = "<group>"; };
		FC9D27D728D7A4390090B2C1 /* FavoritesViewController.xib */ = {isa = PBXFileReference; lastKnownFileType = file.xib; path = FavoritesViewController.xib; sourceTree = "<group>"; };
		FC9D27DA28D7A4980090B2C1 /* ProfileViewController.swift */ = {isa = PBXFileReference; lastKnownFileType = sourcecode.swift; path = ProfileViewController.swift; sourceTree = "<group>"; };
		FC9D27DB28D7A4980090B2C1 /* ProfileViewController.xib */ = {isa = PBXFileReference; lastKnownFileType = file.xib; path = ProfileViewController.xib; sourceTree = "<group>"; };
		FCA4DB9F28CDE986008D6033 /* Base.swift */ = {isa = PBXFileReference; lastKnownFileType = sourcecode.swift; path = Base.swift; sourceTree = "<group>"; };
		FCA4DBA128CDEDFC008D6033 /* BaseAPI.swift */ = {isa = PBXFileReference; lastKnownFileType = sourcecode.swift; path = BaseAPI.swift; sourceTree = "<group>"; };
		FCA69A8128E8616D000D1561 /* FavoritesTableViewCell.swift */ = {isa = PBXFileReference; lastKnownFileType = sourcecode.swift; path = FavoritesTableViewCell.swift; sourceTree = "<group>"; };
		FCA69A8228E8616D000D1561 /* FavoritesTableViewCell.xib */ = {isa = PBXFileReference; lastKnownFileType = file.xib; name = FavoritesTableViewCell.xib; path = ../Controllers/FavoritesTableViewCell.xib; sourceTree = "<group>"; };
		FCA69A8528E880DC000D1561 /* UITableView+Extension.swift */ = {isa = PBXFileReference; lastKnownFileType = sourcecode.swift; path = "UITableView+Extension.swift"; sourceTree = "<group>"; };
		FCC60B6E28E2071E00CC89CC /* AllMoviesViewControllerExtension.swift */ = {isa = PBXFileReference; lastKnownFileType = sourcecode.swift; path = AllMoviesViewControllerExtension.swift; sourceTree = "<group>"; };
		FCE15C8C28E8BBAE002A83BD /* MovieGenreCollectionViewCell.swift */ = {isa = PBXFileReference; lastKnownFileType = sourcecode.swift; path = MovieGenreCollectionViewCell.swift; sourceTree = "<group>"; };
		FCE15C8D28E8BBAE002A83BD /* MovieGenreCollectionViewCell.xib */ = {isa = PBXFileReference; lastKnownFileType = file.xib; name = MovieGenreCollectionViewCell.xib; path = ../Controllers/MovieGenreCollectionViewCell.xib; sourceTree = "<group>"; };
/* End PBXFileReference section */

/* Begin PBXFrameworksBuildPhase section */
		FC3AD55028CCDE1700855520 /* Frameworks */ = {
			isa = PBXFrameworksBuildPhase;
			buildActionMask = 2147483647;
			files = (
				0911392F8ADBF7B07FD4B4AF /* Pods_Movies_App.framework in Frameworks */,
			);
			runOnlyForDeploymentPostprocessing = 0;
		};
		FC3AD56928CCDE1A00855520 /* Frameworks */ = {
			isa = PBXFrameworksBuildPhase;
			buildActionMask = 2147483647;
			files = (
			);
			runOnlyForDeploymentPostprocessing = 0;
		};
		FC3AD57328CCDE1A00855520 /* Frameworks */ = {
			isa = PBXFrameworksBuildPhase;
			buildActionMask = 2147483647;
			files = (
			);
			runOnlyForDeploymentPostprocessing = 0;
		};
/* End PBXFrameworksBuildPhase section */

/* Begin PBXGroup section */
		8DEE2091E8F551BAB0D06D2C /* Pods */ = {
			isa = PBXGroup;
			children = (
				722693B5AB114F8DE893EB9F /* Pods-Movies App.debug.xcconfig */,
				EE274BEB784C4F75AB0C56C8 /* Pods-Movies App.release.xcconfig */,
			);
			path = Pods;
			sourceTree = "<group>";
		};
		C518CC6EBC2437DC461810FD /* Frameworks */ = {
			isa = PBXGroup;
			children = (
				66EA8B1DE5416AEDA150C971 /* Pods_Movies_App.framework */,
			);
			name = Frameworks;
			sourceTree = "<group>";
		};
		FC1F3BE328CE283300FB4338 /* Error */ = {
			isa = PBXGroup;
			children = (
				FC1F3BE428CE284B00FB4338 /* ErrorMessage.swift */,
			);
			path = Error;
			sourceTree = "<group>";
		};
		FC1F3BE628CE2BDB00FB4338 /* Networking */ = {
			isa = PBXGroup;
			children = (
				FC1F3BE328CE283300FB4338 /* Error */,
				FCA4DB9E28CDE8D2008D6033 /* Base */,
				FC1F3BE728CE2BE900FB4338 /* Movies */,
			);
			path = Networking;
			sourceTree = "<group>";
		};
		FC1F3BE728CE2BE900FB4338 /* Movies */ = {
			isa = PBXGroup;
			children = (
				FC1F3BE828CE2C2500FB4338 /* MoviesNetworking.swift */,
				FC1F3BEA28CE34D900FB4338 /* MovieAPI.swift */,
			);
			path = Movies;
			sourceTree = "<group>";
		};
		FC1F3BEC28CE37FE00FB4338 /* Pojo */ = {
			isa = PBXGroup;
			children = (
				FC1F3BED28CE381300FB4338 /* MoviesModel.swift */,
				FC2E319428D3770200E441BF /* CategoriesItem.swift */,
				FC36D40A28E85D7D00096C39 /* FavoritesModel.swift */,
			);
			path = Pojo;
			sourceTree = "<group>";
		};
		FC1F3BF128CE4D3900FB4338 /* VIewControllers */ = {
			isa = PBXGroup;
			children = (
				FCD7563428CCF49300BB2A17 /* Lanch Screen */,
				FC9D27BC28D76BBB0090B2C1 /* TabBar */,
				FC1F3BF628CE4D7500FB4338 /* Movies Screen */,
				FC9D27C128D7909C0090B2C1 /* All Movies Screen */,
				FC8F4BD728E25EDB004BF363 /* Movies Details Screen */,
				FC9D27C228D790BC0090B2C1 /* Saved Screen */,
				FC9D27C328D790F60090B2C1 /* Profile Screen */,
			);
			path = VIewControllers;
			sourceTree = "<group>";
		};
		FC1F3BF628CE4D7500FB4338 /* Movies Screen */ = {
			isa = PBXGroup;
			children = (
				FC2E318D28D372D200E441BF /* Controllers */,
				FC2E318E28D372DE00E441BF /* View */,
			);
			path = "Movies Screen";
			sourceTree = "<group>";
		};
		FC2E318D28D372D200E441BF /* Controllers */ = {
			isa = PBXGroup;
			children = (
				FC1F3BF228CE4D6B00FB4338 /* MoviesViewController.swift */,
				FC2E319228D3758F00E441BF /* MoviesViewControllerExtension.swift */,
				FC2E318928D3703B00E441BF /* CategoriesCollectionViewCell.swift */,
			);
			path = Controllers;
			sourceTree = "<group>";
		};
		FC2E318E28D372DE00E441BF /* View */ = {
			isa = PBXGroup;
			children = (
				FC1F3BF328CE4D6B00FB4338 /* MoviesViewController.xib */,
				FC2E318A28D3703B00E441BF /* CategoriesCollectionViewCell.xib */,
			);
			path = View;
			sourceTree = "<group>";
		};
		FC2E318F28D3740C00E441BF /* Extensions */ = {
			isa = PBXGroup;
			children = (
				FC2E319028D3751700E441BF /* UICollectionView+Extension.swift */,
				FCA69A8528E880DC000D1561 /* UITableView+Extension.swift */,
				FC0DFE4528E4BEE3003F9620 /* UIViewController+Extension.swift */,
				FC03176E28F197F80063ED05 /* UIImageView+Extension.swift */,
			);
			path = Extensions;
			sourceTree = "<group>";
		};
		FC3AD54A28CCDE1700855520 = {
			isa = PBXGroup;
			children = (
				FC3AD55528CCDE1700855520 /* Movies App */,
				FC3AD56F28CCDE1A00855520 /* Movies AppTests */,
				FC3AD57928CCDE1A00855520 /* Movies AppUITests */,
				FC3AD55428CCDE1700855520 /* Products */,
				8DEE2091E8F551BAB0D06D2C /* Pods */,
				C518CC6EBC2437DC461810FD /* Frameworks */,
			);
			sourceTree = "<group>";
		};
		FC3AD55428CCDE1700855520 /* Products */ = {
			isa = PBXGroup;
			children = (
				FC3AD55328CCDE1700855520 /* Movies App.app */,
				FC3AD56C28CCDE1A00855520 /* Movies AppTests.xctest */,
				FC3AD57628CCDE1A00855520 /* Movies AppUITests.xctest */,
			);
			name = Products;
			sourceTree = "<group>";
		};
		FC3AD55528CCDE1700855520 /* Movies App */ = {
			isa = PBXGroup;
			children = (
				FC2E318F28D3740C00E441BF /* Extensions */,
				FC1F3BE628CE2BDB00FB4338 /* Networking */,
				FCA4DB9D28CDE8C2008D6033 /* Model */,
				FC1F3BF128CE4D3900FB4338 /* VIewControllers */,
				FC3AD55628CCDE1700855520 /* AppDelegate.swift */,
				FC3AD55828CCDE1700855520 /* SceneDelegate.swift */,
				FC3AD56228CCDE1A00855520 /* Assets.xcassets */,
				FC3AD56728CCDE1A00855520 /* Info.plist */,
				FC3AD55F28CCDE1700855520 /* Movies_App.xcdatamodeld */,
			);
			path = "Movies App";
			sourceTree = "<group>";
		};
		FC3AD56F28CCDE1A00855520 /* Movies AppTests */ = {
			isa = PBXGroup;
			children = (
				FC3AD57028CCDE1A00855520 /* Movies_AppTests.swift */,
			);
			path = "Movies AppTests";
			sourceTree = "<group>";
		};
		FC3AD57928CCDE1A00855520 /* Movies AppUITests */ = {
			isa = PBXGroup;
			children = (
				FC3AD57A28CCDE1A00855520 /* Movies_AppUITests.swift */,
				FC3AD57C28CCDE1A00855520 /* Movies_AppUITestsLaunchTests.swift */,
			);
			path = "Movies AppUITests";
			sourceTree = "<group>";
		};
		FC8F4BD728E25EDB004BF363 /* Movies Details Screen */ = {
			isa = PBXGroup;
			children = (
				FC8F4BD928E25F2A004BF363 /* Controllers */,
				FC8F4BD828E25F1E004BF363 /* Views */,
			);
			path = "Movies Details Screen";
			sourceTree = "<group>";
		};
		FC8F4BD828E25F1E004BF363 /* Views */ = {
			isa = PBXGroup;
			children = (
				FC8F4BDB28E25F49004BF363 /* MoviesDetailsViewController.xib */,
				FCE15C8D28E8BBAE002A83BD /* MovieGenreCollectionViewCell.xib */,
			);
			path = Views;
			sourceTree = "<group>";
		};
		FC8F4BD928E25F2A004BF363 /* Controllers */ = {
			isa = PBXGroup;
			children = (
				FC8F4BDA28E25F49004BF363 /* MoviesDetailsViewController.swift */,
				FC5406DC28E8B35900996600 /* MoviesDetailsViewControllerExtension.swift */,
				FCE15C8C28E8BBAE002A83BD /* MovieGenreCollectionViewCell.swift */,
			);
			path = Controllers;
			sourceTree = "<group>";
		};
		FC9D27BC28D76BBB0090B2C1 /* TabBar */ = {
			isa = PBXGroup;
			children = (
				FC9D27D128D7923D0090B2C1 /* Controllers */,
				FC9D27D028D792360090B2C1 /* Views */,
			);
			path = TabBar;
			sourceTree = "<group>";
		};
		FC9D27C128D7909C0090B2C1 /* All Movies Screen */ = {
			isa = PBXGroup;
			children = (
				FC9D27C428D791560090B2C1 /* Controllers */,
				FC9D27C528D7916B0090B2C1 /* Views */,
			);
			path = "All Movies Screen";
			sourceTree = "<group>";
		};
		FC9D27C228D790BC0090B2C1 /* Saved Screen */ = {
			isa = PBXGroup;
			children = (
				FC9D27C728D7917E0090B2C1 /* Controllers */,
				FC9D27C628D791780090B2C1 /* Views */,
			);
			path = "Saved Screen";
			sourceTree = "<group>";
		};
		FC9D27C328D790F60090B2C1 /* Profile Screen */ = {
			isa = PBXGroup;
			children = (
				FC9D27C928D791980090B2C1 /* Controllers */,
				FC9D27C828D791910090B2C1 /* Views */,
			);
			path = "Profile Screen";
			sourceTree = "<group>";
		};
		FC9D27C428D791560090B2C1 /* Controllers */ = {
			isa = PBXGroup;
			children = (
				FC939AED28E208EE008ADE75 /* AllMoviesViewController.swift */,
				FCC60B6E28E2071E00CC89CC /* AllMoviesViewControllerExtension.swift */,
				FC939AE928E20808008ADE75 /* AllMoviesCollectionViewCell.swift */,
			);
			path = Controllers;
			sourceTree = "<group>";
		};
		FC9D27C528D7916B0090B2C1 /* Views */ = {
			isa = PBXGroup;
			children = (
				FC939AEE28E208EE008ADE75 /* AllMoviesViewController.xib */,
				FC939AEA28E20808008ADE75 /* AllMoviesCollectionViewCell.xib */,
			);
			path = Views;
			sourceTree = "<group>";
		};
		FC9D27C628D791780090B2C1 /* Views */ = {
			isa = PBXGroup;
			children = (
				FC9D27D728D7A4390090B2C1 /* FavoritesViewController.xib */,
				FCA69A8228E8616D000D1561 /* FavoritesTableViewCell.xib */,
			);
			path = Views;
			sourceTree = "<group>";
		};
		FC9D27C728D7917E0090B2C1 /* Controllers */ = {
			isa = PBXGroup;
			children = (
				FC9D27D628D7A4390090B2C1 /* FavoritesViewController.swift */,
				FC36D40828E85CD700096C39 /* FavoritesViewControllerExtension.swift */,
				FCA69A8128E8616D000D1561 /* FavoritesTableViewCell.swift */,
			);
			path = Controllers;
			sourceTree = "<group>";
		};
		FC9D27C828D791910090B2C1 /* Views */ = {
			isa = PBXGroup;
			children = (
				FC9D27DB28D7A4980090B2C1 /* ProfileViewController.xib */,
			);
			path = Views;
			sourceTree = "<group>";
		};
		FC9D27C928D791980090B2C1 /* Controllers */ = {
			isa = PBXGroup;
			children = (
				FC9D27DA28D7A4980090B2C1 /* ProfileViewController.swift */,
			);
			path = Controllers;
			sourceTree = "<group>";
		};
		FC9D27CA28D791C70090B2C1 /* Controllers */ = {
			isa = PBXGroup;
			children = (
			);
			path = Controllers;
			sourceTree = "<group>";
		};
		FC9D27CB28D791D10090B2C1 /* Views */ = {
			isa = PBXGroup;
			children = (
				FC3AD56428CCDE1A00855520 /* LaunchScreen.storyboard */,
			);
			path = Views;
			sourceTree = "<group>";
		};
		FC9D27D028D792360090B2C1 /* Views */ = {
			isa = PBXGroup;
			children = (
				FC9D27D328D7A3BB0090B2C1 /* TabBarController.xib */,
			);
			path = Views;
			sourceTree = "<group>";
		};
		FC9D27D128D7923D0090B2C1 /* Controllers */ = {
			isa = PBXGroup;
			children = (
				FC9D27D228D7A3BB0090B2C1 /* TabBarController.swift */,
			);
			path = Controllers;
			sourceTree = "<group>";
		};
		FCA4DB9D28CDE8C2008D6033 /* Model */ = {
			isa = PBXGroup;
			children = (
				FC1F3BEC28CE37FE00FB4338 /* Pojo */,
			);
			path = Model;
			sourceTree = "<group>";
		};
		FCA4DB9E28CDE8D2008D6033 /* Base */ = {
			isa = PBXGroup;
			children = (
				FCA4DB9F28CDE986008D6033 /* Base.swift */,
				FCA4DBA128CDEDFC008D6033 /* BaseAPI.swift */,
				FC1F3BEF28CE3C8100FB4338 /* BaseResponse.swift */,
			);
			path = Base;
			sourceTree = "<group>";
		};
		FCD7563428CCF49300BB2A17 /* Lanch Screen */ = {
			isa = PBXGroup;
			children = (
				FC9D27CA28D791C70090B2C1 /* Controllers */,
				FC9D27CB28D791D10090B2C1 /* Views */,
			);
			path = "Lanch Screen";
			sourceTree = "<group>";
		};
/* End PBXGroup section */

/* Begin PBXNativeTarget section */
		FC3AD55228CCDE1700855520 /* Movies App */ = {
			isa = PBXNativeTarget;
			buildConfigurationList = FC3AD58028CCDE1A00855520 /* Build configuration list for PBXNativeTarget "Movies App" */;
			buildPhases = (
				7DFF2B037E4D015D84D82998 /* [CP] Check Pods Manifest.lock */,
				FC3AD54F28CCDE1700855520 /* Sources */,
				FC3AD55028CCDE1700855520 /* Frameworks */,
				FC3AD55128CCDE1700855520 /* Resources */,
				9AF47D14D2E92F5E794E1FF2 /* [CP] Embed Pods Frameworks */,
			);
			buildRules = (
			);
			dependencies = (
			);
			name = "Movies App";
			productName = "Movies App";
			productReference = FC3AD55328CCDE1700855520 /* Movies App.app */;
			productType = "com.apple.product-type.application";
		};
		FC3AD56B28CCDE1A00855520 /* Movies AppTests */ = {
			isa = PBXNativeTarget;
			buildConfigurationList = FC3AD58328CCDE1A00855520 /* Build configuration list for PBXNativeTarget "Movies AppTests" */;
			buildPhases = (
				FC3AD56828CCDE1A00855520 /* Sources */,
				FC3AD56928CCDE1A00855520 /* Frameworks */,
				FC3AD56A28CCDE1A00855520 /* Resources */,
			);
			buildRules = (
			);
			dependencies = (
				FC3AD56E28CCDE1A00855520 /* PBXTargetDependency */,
			);
			name = "Movies AppTests";
			productName = "Movies AppTests";
			productReference = FC3AD56C28CCDE1A00855520 /* Movies AppTests.xctest */;
			productType = "com.apple.product-type.bundle.unit-test";
		};
		FC3AD57528CCDE1A00855520 /* Movies AppUITests */ = {
			isa = PBXNativeTarget;
			buildConfigurationList = FC3AD58628CCDE1A00855520 /* Build configuration list for PBXNativeTarget "Movies AppUITests" */;
			buildPhases = (
				FC3AD57228CCDE1A00855520 /* Sources */,
				FC3AD57328CCDE1A00855520 /* Frameworks */,
				FC3AD57428CCDE1A00855520 /* Resources */,
			);
			buildRules = (
			);
			dependencies = (
				FC3AD57828CCDE1A00855520 /* PBXTargetDependency */,
			);
			name = "Movies AppUITests";
			productName = "Movies AppUITests";
			productReference = FC3AD57628CCDE1A00855520 /* Movies AppUITests.xctest */;
			productType = "com.apple.product-type.bundle.ui-testing";
		};
/* End PBXNativeTarget section */

/* Begin PBXProject section */
		FC3AD54B28CCDE1700855520 /* Project object */ = {
			isa = PBXProject;
			attributes = {
				BuildIndependentTargetsInParallel = 1;
				LastSwiftUpdateCheck = 1340;
				LastUpgradeCheck = 1340;
				TargetAttributes = {
					FC3AD55228CCDE1700855520 = {
						CreatedOnToolsVersion = 13.4.1;
					};
					FC3AD56B28CCDE1A00855520 = {
						CreatedOnToolsVersion = 13.4.1;
						TestTargetID = FC3AD55228CCDE1700855520;
					};
					FC3AD57528CCDE1A00855520 = {
						CreatedOnToolsVersion = 13.4.1;
						TestTargetID = FC3AD55228CCDE1700855520;
					};
				};
			};
			buildConfigurationList = FC3AD54E28CCDE1700855520 /* Build configuration list for PBXProject "Movies App" */;
			compatibilityVersion = "Xcode 13.0";
			developmentRegion = en;
			hasScannedForEncodings = 0;
			knownRegions = (
				en,
				Base,
			);
			mainGroup = FC3AD54A28CCDE1700855520;
			productRefGroup = FC3AD55428CCDE1700855520 /* Products */;
			projectDirPath = "";
			projectRoot = "";
			targets = (
				FC3AD55228CCDE1700855520 /* Movies App */,
				FC3AD56B28CCDE1A00855520 /* Movies AppTests */,
				FC3AD57528CCDE1A00855520 /* Movies AppUITests */,
			);
		};
/* End PBXProject section */

/* Begin PBXResourcesBuildPhase section */
		FC3AD55128CCDE1700855520 /* Resources */ = {
			isa = PBXResourcesBuildPhase;
			buildActionMask = 2147483647;
			files = (
				FCA69A8428E8616D000D1561 /* FavoritesTableViewCell.xib in Resources */,
				FC9D27DD28D7A4980090B2C1 /* ProfileViewController.xib in Resources */,
				FC3AD56628CCDE1A00855520 /* LaunchScreen.storyboard in Resources */,
				FC8F4BDD28E25F49004BF363 /* MoviesDetailsViewController.xib in Resources */,
				FC2E318C28D3703B00E441BF /* CategoriesCollectionViewCell.xib in Resources */,
				FC939AEC28E20808008ADE75 /* AllMoviesCollectionViewCell.xib in Resources */,
				FCE15C8F28E8BBAE002A83BD /* MovieGenreCollectionViewCell.xib in Resources */,
				FC9D27D528D7A3BB0090B2C1 /* TabBarController.xib in Resources */,
				FC3AD56328CCDE1A00855520 /* Assets.xcassets in Resources */,
				FC939AF028E208EE008ADE75 /* AllMoviesViewController.xib in Resources */,
				FC9D27D928D7A4390090B2C1 /* FavoritesViewController.xib in Resources */,
				FC1F3BF528CE4D6B00FB4338 /* MoviesViewController.xib in Resources */,
			);
			runOnlyForDeploymentPostprocessing = 0;
		};
		FC3AD56A28CCDE1A00855520 /* Resources */ = {
			isa = PBXResourcesBuildPhase;
			buildActionMask = 2147483647;
			files = (
			);
			runOnlyForDeploymentPostprocessing = 0;
		};
		FC3AD57428CCDE1A00855520 /* Resources */ = {
			isa = PBXResourcesBuildPhase;
			buildActionMask = 2147483647;
			files = (
			);
			runOnlyForDeploymentPostprocessing = 0;
		};
/* End PBXResourcesBuildPhase section */

/* Begin PBXShellScriptBuildPhase section */
		7DFF2B037E4D015D84D82998 /* [CP] Check Pods Manifest.lock */ = {
			isa = PBXShellScriptBuildPhase;
			buildActionMask = 2147483647;
			files = (
			);
			inputFileListPaths = (
			);
			inputPaths = (
				"${PODS_PODFILE_DIR_PATH}/Podfile.lock",
				"${PODS_ROOT}/Manifest.lock",
			);
			name = "[CP] Check Pods Manifest.lock";
			outputFileListPaths = (
			);
			outputPaths = (
				"$(DERIVED_FILE_DIR)/Pods-Movies App-checkManifestLockResult.txt",
			);
			runOnlyForDeploymentPostprocessing = 0;
			shellPath = /bin/sh;
			shellScript = "diff \"${PODS_PODFILE_DIR_PATH}/Podfile.lock\" \"${PODS_ROOT}/Manifest.lock\" > /dev/null\nif [ $? != 0 ] ; then\n    # print error to STDERR\n    echo \"error: The sandbox is not in sync with the Podfile.lock. Run 'pod install' or update your CocoaPods installation.\" >&2\n    exit 1\nfi\n# This output is used by Xcode 'outputs' to avoid re-running this script phase.\necho \"SUCCESS\" > \"${SCRIPT_OUTPUT_FILE_0}\"\n";
			showEnvVarsInLog = 0;
		};
		9AF47D14D2E92F5E794E1FF2 /* [CP] Embed Pods Frameworks */ = {
			isa = PBXShellScriptBuildPhase;
			buildActionMask = 2147483647;
			files = (
			);
			inputFileListPaths = (
				"${PODS_ROOT}/Target Support Files/Pods-Movies App/Pods-Movies App-frameworks-${CONFIGURATION}-input-files.xcfilelist",
			);
			name = "[CP] Embed Pods Frameworks";
			outputFileListPaths = (
				"${PODS_ROOT}/Target Support Files/Pods-Movies App/Pods-Movies App-frameworks-${CONFIGURATION}-output-files.xcfilelist",
			);
			runOnlyForDeploymentPostprocessing = 0;
			shellPath = /bin/sh;
			shellScript = "\"${PODS_ROOT}/Target Support Files/Pods-Movies App/Pods-Movies App-frameworks.sh\"\n";
			showEnvVarsInLog = 0;
		};
/* End PBXShellScriptBuildPhase section */

/* Begin PBXSourcesBuildPhase section */
		FC3AD54F28CCDE1700855520 /* Sources */ = {
			isa = PBXSourcesBuildPhase;
			buildActionMask = 2147483647;
			files = (
				FC03176F28F197F80063ED05 /* UIImageView+Extension.swift in Sources */,
				FCE15C8E28E8BBAE002A83BD /* MovieGenreCollectionViewCell.swift in Sources */,
				FC36D40928E85CD700096C39 /* FavoritesViewControllerExtension.swift in Sources */,
				FCA69A8328E8616D000D1561 /* FavoritesTableViewCell.swift in Sources */,
				FC0DFE4628E4BEE4003F9620 /* UIViewController+Extension.swift in Sources */,
				FC1F3BE528CE284B00FB4338 /* ErrorMessage.swift in Sources */,
				FC9D27DC28D7A4980090B2C1 /* ProfileViewController.swift in Sources */,
				FC9D27D428D7A3BB0090B2C1 /* TabBarController.swift in Sources */,
				FC1F3BEE28CE381300FB4338 /* MoviesModel.swift in Sources */,
				FC3AD55728CCDE1700855520 /* AppDelegate.swift in Sources */,
				FC2E319528D3770200E441BF /* CategoriesItem.swift in Sources */,
				FCC60B6F28E2071E00CC89CC /* AllMoviesViewControllerExtension.swift in Sources */,
				FCA4DBA028CDE986008D6033 /* Base.swift in Sources */,
				FCA69A8628E880DC000D1561 /* UITableView+Extension.swift in Sources */,
				FCA4DBA228CDEDFC008D6033 /* BaseAPI.swift in Sources */,
				FC939AEB28E20808008ADE75 /* AllMoviesCollectionViewCell.swift in Sources */,
				FC2E318B28D3703B00E441BF /* CategoriesCollectionViewCell.swift in Sources */,
				FC9D27D828D7A4390090B2C1 /* FavoritesViewController.swift in Sources */,
				FC5406DD28E8B35900996600 /* MoviesDetailsViewControllerExtension.swift in Sources */,
				FC3AD56128CCDE1700855520 /* Movies_App.xcdatamodeld in Sources */,
				FC2E319128D3751700E441BF /* UICollectionView+Extension.swift in Sources */,
				FC2E319328D3758F00E441BF /* MoviesViewControllerExtension.swift in Sources */,
				FC1F3BEB28CE34D900FB4338 /* MovieAPI.swift in Sources */,
				FC1F3BE928CE2C2500FB4338 /* MoviesNetworking.swift in Sources */,
				FC8F4BDC28E25F49004BF363 /* MoviesDetailsViewController.swift in Sources */,
				FC1F3BF028CE3C8100FB4338 /* BaseResponse.swift in Sources */,
				FC939AEF28E208EE008ADE75 /* AllMoviesViewController.swift in Sources */,
				FC36D40B28E85D7D00096C39 /* FavoritesModel.swift in Sources */,
				FC3AD55928CCDE1700855520 /* SceneDelegate.swift in Sources */,
				FC1F3BF428CE4D6B00FB4338 /* MoviesViewController.swift in Sources */,
			);
			runOnlyForDeploymentPostprocessing = 0;
		};
		FC3AD56828CCDE1A00855520 /* Sources */ = {
			isa = PBXSourcesBuildPhase;
			buildActionMask = 2147483647;
			files = (
				FC3AD57128CCDE1A00855520 /* Movies_AppTests.swift in Sources */,
			);
			runOnlyForDeploymentPostprocessing = 0;
		};
		FC3AD57228CCDE1A00855520 /* Sources */ = {
			isa = PBXSourcesBuildPhase;
			buildActionMask = 2147483647;
			files = (
				FC3AD57B28CCDE1A00855520 /* Movies_AppUITests.swift in Sources */,
				FC3AD57D28CCDE1A00855520 /* Movies_AppUITestsLaunchTests.swift in Sources */,
			);
			runOnlyForDeploymentPostprocessing = 0;
		};
/* End PBXSourcesBuildPhase section */

/* Begin PBXTargetDependency section */
		FC3AD56E28CCDE1A00855520 /* PBXTargetDependency */ = {
			isa = PBXTargetDependency;
			target = FC3AD55228CCDE1700855520 /* Movies App */;
			targetProxy = FC3AD56D28CCDE1A00855520 /* PBXContainerItemProxy */;
		};
		FC3AD57828CCDE1A00855520 /* PBXTargetDependency */ = {
			isa = PBXTargetDependency;
			target = FC3AD55228CCDE1700855520 /* Movies App */;
			targetProxy = FC3AD57728CCDE1A00855520 /* PBXContainerItemProxy */;
		};
/* End PBXTargetDependency section */

/* Begin PBXVariantGroup section */
		FC3AD56428CCDE1A00855520 /* LaunchScreen.storyboard */ = {
			isa = PBXVariantGroup;
			children = (
				FC3AD56528CCDE1A00855520 /* Base */,
			);
			name = LaunchScreen.storyboard;
			sourceTree = "<group>";
		};
/* End PBXVariantGroup section */

/* Begin XCBuildConfiguration section */
		FC3AD57E28CCDE1A00855520 /* Debug */ = {
			isa = XCBuildConfiguration;
			buildSettings = {
				ALWAYS_SEARCH_USER_PATHS = NO;
				CLANG_ANALYZER_NONNULL = YES;
				CLANG_ANALYZER_NUMBER_OBJECT_CONVERSION = YES_AGGRESSIVE;
				CLANG_CXX_LANGUAGE_STANDARD = "gnu++17";
				CLANG_ENABLE_MODULES = YES;
				CLANG_ENABLE_OBJC_ARC = YES;
				CLANG_ENABLE_OBJC_WEAK = YES;
				CLANG_WARN_BLOCK_CAPTURE_AUTORELEASING = YES;
				CLANG_WARN_BOOL_CONVERSION = YES;
				CLANG_WARN_COMMA = YES;
				CLANG_WARN_CONSTANT_CONVERSION = YES;
				CLANG_WARN_DEPRECATED_OBJC_IMPLEMENTATIONS = YES;
				CLANG_WARN_DIRECT_OBJC_ISA_USAGE = YES_ERROR;
				CLANG_WARN_DOCUMENTATION_COMMENTS = YES;
				CLANG_WARN_EMPTY_BODY = YES;
				CLANG_WARN_ENUM_CONVERSION = YES;
				CLANG_WARN_INFINITE_RECURSION = YES;
				CLANG_WARN_INT_CONVERSION = YES;
				CLANG_WARN_NON_LITERAL_NULL_CONVERSION = YES;
				CLANG_WARN_OBJC_IMPLICIT_RETAIN_SELF = YES;
				CLANG_WARN_OBJC_LITERAL_CONVERSION = YES;
				CLANG_WARN_OBJC_ROOT_CLASS = YES_ERROR;
				CLANG_WARN_QUOTED_INCLUDE_IN_FRAMEWORK_HEADER = YES;
				CLANG_WARN_RANGE_LOOP_ANALYSIS = YES;
				CLANG_WARN_STRICT_PROTOTYPES = YES;
				CLANG_WARN_SUSPICIOUS_MOVE = YES;
				CLANG_WARN_UNGUARDED_AVAILABILITY = YES_AGGRESSIVE;
				CLANG_WARN_UNREACHABLE_CODE = YES;
				CLANG_WARN__DUPLICATE_METHOD_MATCH = YES;
				COPY_PHASE_STRIP = NO;
				DEBUG_INFORMATION_FORMAT = dwarf;
				ENABLE_STRICT_OBJC_MSGSEND = YES;
				ENABLE_TESTABILITY = YES;
				GCC_C_LANGUAGE_STANDARD = gnu11;
				GCC_DYNAMIC_NO_PIC = NO;
				GCC_NO_COMMON_BLOCKS = YES;
				GCC_OPTIMIZATION_LEVEL = 0;
				GCC_PREPROCESSOR_DEFINITIONS = (
					"DEBUG=1",
					"$(inherited)",
				);
				GCC_WARN_64_TO_32_BIT_CONVERSION = YES;
				GCC_WARN_ABOUT_RETURN_TYPE = YES_ERROR;
				GCC_WARN_UNDECLARED_SELECTOR = YES;
				GCC_WARN_UNINITIALIZED_AUTOS = YES_AGGRESSIVE;
				GCC_WARN_UNUSED_FUNCTION = YES;
				GCC_WARN_UNUSED_VARIABLE = YES;
				IPHONEOS_DEPLOYMENT_TARGET = 15.5;
				MTL_ENABLE_DEBUG_INFO = INCLUDE_SOURCE;
				MTL_FAST_MATH = YES;
				ONLY_ACTIVE_ARCH = YES;
				SDKROOT = iphoneos;
				SWIFT_ACTIVE_COMPILATION_CONDITIONS = DEBUG;
				SWIFT_OPTIMIZATION_LEVEL = "-Onone";
			};
			name = Debug;
		};
		FC3AD57F28CCDE1A00855520 /* Release */ = {
			isa = XCBuildConfiguration;
			buildSettings = {
				ALWAYS_SEARCH_USER_PATHS = NO;
				CLANG_ANALYZER_NONNULL = YES;
				CLANG_ANALYZER_NUMBER_OBJECT_CONVERSION = YES_AGGRESSIVE;
				CLANG_CXX_LANGUAGE_STANDARD = "gnu++17";
				CLANG_ENABLE_MODULES = YES;
				CLANG_ENABLE_OBJC_ARC = YES;
				CLANG_ENABLE_OBJC_WEAK = YES;
				CLANG_WARN_BLOCK_CAPTURE_AUTORELEASING = YES;
				CLANG_WARN_BOOL_CONVERSION = YES;
				CLANG_WARN_COMMA = YES;
				CLANG_WARN_CONSTANT_CONVERSION = YES;
				CLANG_WARN_DEPRECATED_OBJC_IMPLEMENTATIONS = YES;
				CLANG_WARN_DIRECT_OBJC_ISA_USAGE = YES_ERROR;
				CLANG_WARN_DOCUMENTATION_COMMENTS = YES;
				CLANG_WARN_EMPTY_BODY = YES;
				CLANG_WARN_ENUM_CONVERSION = YES;
				CLANG_WARN_INFINITE_RECURSION = YES;
				CLANG_WARN_INT_CONVERSION = YES;
				CLANG_WARN_NON_LITERAL_NULL_CONVERSION = YES;
				CLANG_WARN_OBJC_IMPLICIT_RETAIN_SELF = YES;
				CLANG_WARN_OBJC_LITERAL_CONVERSION = YES;
				CLANG_WARN_OBJC_ROOT_CLASS = YES_ERROR;
				CLANG_WARN_QUOTED_INCLUDE_IN_FRAMEWORK_HEADER = YES;
				CLANG_WARN_RANGE_LOOP_ANALYSIS = YES;
				CLANG_WARN_STRICT_PROTOTYPES = YES;
				CLANG_WARN_SUSPICIOUS_MOVE = YES;
				CLANG_WARN_UNGUARDED_AVAILABILITY = YES_AGGRESSIVE;
				CLANG_WARN_UNREACHABLE_CODE = YES;
				CLANG_WARN__DUPLICATE_METHOD_MATCH = YES;
				COPY_PHASE_STRIP = NO;
				DEBUG_INFORMATION_FORMAT = "dwarf-with-dsym";
				ENABLE_NS_ASSERTIONS = NO;
				ENABLE_STRICT_OBJC_MSGSEND = YES;
				GCC_C_LANGUAGE_STANDARD = gnu11;
				GCC_NO_COMMON_BLOCKS = YES;
				GCC_WARN_64_TO_32_BIT_CONVERSION = YES;
				GCC_WARN_ABOUT_RETURN_TYPE = YES_ERROR;
				GCC_WARN_UNDECLARED_SELECTOR = YES;
				GCC_WARN_UNINITIALIZED_AUTOS = YES_AGGRESSIVE;
				GCC_WARN_UNUSED_FUNCTION = YES;
				GCC_WARN_UNUSED_VARIABLE = YES;
				IPHONEOS_DEPLOYMENT_TARGET = 15.5;
				MTL_ENABLE_DEBUG_INFO = NO;
				MTL_FAST_MATH = YES;
				SDKROOT = iphoneos;
				SWIFT_COMPILATION_MODE = wholemodule;
				SWIFT_OPTIMIZATION_LEVEL = "-O";
				VALIDATE_PRODUCT = YES;
			};
			name = Release;
		};
		FC3AD58128CCDE1A00855520 /* Debug */ = {
			isa = XCBuildConfiguration;
			baseConfigurationReference = 722693B5AB114F8DE893EB9F /* Pods-Movies App.debug.xcconfig */;
			buildSettings = {
				ASSETCATALOG_COMPILER_APPICON_NAME = AppIcon;
				ASSETCATALOG_COMPILER_GLOBAL_ACCENT_COLOR_NAME = AccentColor;
				ASSETCATALOG_COMPILER_INCLUDE_ALL_APPICON_ASSETS = NO;
				CODE_SIGN_STYLE = Automatic;
				CURRENT_PROJECT_VERSION = 1;
				DEVELOPMENT_TEAM = YHNN4VPXK7;
				GENERATE_INFOPLIST_FILE = YES;
				INFOPLIST_FILE = "Movies App/Info.plist";
				INFOPLIST_KEY_UIApplicationSupportsIndirectInputEvents = YES;
				INFOPLIST_KEY_UILaunchStoryboardName = "";
				INFOPLIST_KEY_UISupportedInterfaceOrientations_iPad = "UIInterfaceOrientationPortrait UIInterfaceOrientationPortraitUpsideDown UIInterfaceOrientationLandscapeLeft UIInterfaceOrientationLandscapeRight";
				INFOPLIST_KEY_UISupportedInterfaceOrientations_iPhone = "UIInterfaceOrientationPortrait UIInterfaceOrientationLandscapeLeft UIInterfaceOrientationLandscapeRight";
				LD_RUNPATH_SEARCH_PATHS = (
					"$(inherited)",
					"@executable_path/Frameworks",
				);
				MARKETING_VERSION = 1.0;
				PRODUCT_BUNDLE_IDENTIFIER = "com.ahmedtaha.Movies-App";
				PRODUCT_NAME = "$(TARGET_NAME)";
				SWIFT_EMIT_LOC_STRINGS = YES;
				SWIFT_VERSION = 5.0;
				TARGETED_DEVICE_FAMILY = "1,2";
			};
			name = Debug;
		};
		FC3AD58228CCDE1A00855520 /* Release */ = {
			isa = XCBuildConfiguration;
			baseConfigurationReference = EE274BEB784C4F75AB0C56C8 /* Pods-Movies App.release.xcconfig */;
			buildSettings = {
				ASSETCATALOG_COMPILER_APPICON_NAME = AppIcon;
				ASSETCATALOG_COMPILER_GLOBAL_ACCENT_COLOR_NAME = AccentColor;
				ASSETCATALOG_COMPILER_INCLUDE_ALL_APPICON_ASSETS = NO;
				CODE_SIGN_STYLE = Automatic;
				CURRENT_PROJECT_VERSION = 1;
				DEVELOPMENT_TEAM = YHNN4VPXK7;
				GENERATE_INFOPLIST_FILE = YES;
				INFOPLIST_FILE = "Movies App/Info.plist";
				INFOPLIST_KEY_UIApplicationSupportsIndirectInputEvents = YES;
				INFOPLIST_KEY_UILaunchStoryboardName = "";
				INFOPLIST_KEY_UISupportedInterfaceOrientations_iPad = "UIInterfaceOrientationPortrait UIInterfaceOrientationPortraitUpsideDown UIInterfaceOrientationLandscapeLeft UIInterfaceOrientationLandscapeRight";
				INFOPLIST_KEY_UISupportedInterfaceOrientations_iPhone = "UIInterfaceOrientationPortrait UIInterfaceOrientationLandscapeLeft UIInterfaceOrientationLandscapeRight";
				LD_RUNPATH_SEARCH_PATHS = (
					"$(inherited)",
					"@executable_path/Frameworks",
				);
				MARKETING_VERSION = 1.0;
				PRODUCT_BUNDLE_IDENTIFIER = "com.ahmedtaha.Movies-App";
				PRODUCT_NAME = "$(TARGET_NAME)";
				SWIFT_EMIT_LOC_STRINGS = YES;
				SWIFT_VERSION = 5.0;
				TARGETED_DEVICE_FAMILY = "1,2";
			};
			name = Release;
		};
		FC3AD58428CCDE1A00855520 /* Debug */ = {
			isa = XCBuildConfiguration;
			buildSettings = {
				ALWAYS_EMBED_SWIFT_STANDARD_LIBRARIES = YES;
				BUNDLE_LOADER = "$(TEST_HOST)";
				CODE_SIGN_STYLE = Automatic;
				CURRENT_PROJECT_VERSION = 1;
				DEVELOPMENT_TEAM = YHNN4VPXK7;
				GENERATE_INFOPLIST_FILE = YES;
				IPHONEOS_DEPLOYMENT_TARGET = 15.5;
				MARKETING_VERSION = 1.0;
				PRODUCT_BUNDLE_IDENTIFIER = "com.ahmedtaha.Movies-AppTests";
				PRODUCT_NAME = "$(TARGET_NAME)";
				SWIFT_EMIT_LOC_STRINGS = NO;
				SWIFT_VERSION = 5.0;
				TARGETED_DEVICE_FAMILY = "1,2";
				TEST_HOST = "$(BUILT_PRODUCTS_DIR)/Movies App.app/Movies App";
			};
			name = Debug;
		};
		FC3AD58528CCDE1A00855520 /* Release */ = {
			isa = XCBuildConfiguration;
			buildSettings = {
				ALWAYS_EMBED_SWIFT_STANDARD_LIBRARIES = YES;
				BUNDLE_LOADER = "$(TEST_HOST)";
				CODE_SIGN_STYLE = Automatic;
				CURRENT_PROJECT_VERSION = 1;
				DEVELOPMENT_TEAM = YHNN4VPXK7;
				GENERATE_INFOPLIST_FILE = YES;
				IPHONEOS_DEPLOYMENT_TARGET = 15.5;
				MARKETING_VERSION = 1.0;
				PRODUCT_BUNDLE_IDENTIFIER = "com.ahmedtaha.Movies-AppTests";
				PRODUCT_NAME = "$(TARGET_NAME)";
				SWIFT_EMIT_LOC_STRINGS = NO;
				SWIFT_VERSION = 5.0;
				TARGETED_DEVICE_FAMILY = "1,2";
				TEST_HOST = "$(BUILT_PRODUCTS_DIR)/Movies App.app/Movies App";
			};
			name = Release;
		};
		FC3AD58728CCDE1A00855520 /* Debug */ = {
			isa = XCBuildConfiguration;
			buildSettings = {
				ALWAYS_EMBED_SWIFT_STANDARD_LIBRARIES = YES;
				CODE_SIGN_STYLE = Automatic;
				CURRENT_PROJECT_VERSION = 1;
				DEVELOPMENT_TEAM = YHNN4VPXK7;
				GENERATE_INFOPLIST_FILE = YES;
				MARKETING_VERSION = 1.0;
				PRODUCT_BUNDLE_IDENTIFIER = "com.ahmedtaha.Movies-AppUITests";
				PRODUCT_NAME = "$(TARGET_NAME)";
				SWIFT_EMIT_LOC_STRINGS = NO;
				SWIFT_VERSION = 5.0;
				TARGETED_DEVICE_FAMILY = "1,2";
				TEST_TARGET_NAME = "Movies App";
			};
			name = Debug;
		};
		FC3AD58828CCDE1A00855520 /* Release */ = {
			isa = XCBuildConfiguration;
			buildSettings = {
				ALWAYS_EMBED_SWIFT_STANDARD_LIBRARIES = YES;
				CODE_SIGN_STYLE = Automatic;
				CURRENT_PROJECT_VERSION = 1;
				DEVELOPMENT_TEAM = YHNN4VPXK7;
				GENERATE_INFOPLIST_FILE = YES;
				MARKETING_VERSION = 1.0;
				PRODUCT_BUNDLE_IDENTIFIER = "com.ahmedtaha.Movies-AppUITests";
				PRODUCT_NAME = "$(TARGET_NAME)";
				SWIFT_EMIT_LOC_STRINGS = NO;
				SWIFT_VERSION = 5.0;
				TARGETED_DEVICE_FAMILY = "1,2";
				TEST_TARGET_NAME = "Movies App";
			};
			name = Release;
		};
/* End XCBuildConfiguration section */

/* Begin XCConfigurationList section */
		FC3AD54E28CCDE1700855520 /* Build configuration list for PBXProject "Movies App" */ = {
			isa = XCConfigurationList;
			buildConfigurations = (
				FC3AD57E28CCDE1A00855520 /* Debug */,
				FC3AD57F28CCDE1A00855520 /* Release */,
			);
			defaultConfigurationIsVisible = 0;
			defaultConfigurationName = Release;
		};
		FC3AD58028CCDE1A00855520 /* Build configuration list for PBXNativeTarget "Movies App" */ = {
			isa = XCConfigurationList;
			buildConfigurations = (
				FC3AD58128CCDE1A00855520 /* Debug */,
				FC3AD58228CCDE1A00855520 /* Release */,
			);
			defaultConfigurationIsVisible = 0;
			defaultConfigurationName = Release;
		};
		FC3AD58328CCDE1A00855520 /* Build configuration list for PBXNativeTarget "Movies AppTests" */ = {
			isa = XCConfigurationList;
			buildConfigurations = (
				FC3AD58428CCDE1A00855520 /* Debug */,
				FC3AD58528CCDE1A00855520 /* Release */,
			);
			defaultConfigurationIsVisible = 0;
			defaultConfigurationName = Release;
		};
		FC3AD58628CCDE1A00855520 /* Build configuration list for PBXNativeTarget "Movies AppUITests" */ = {
			isa = XCConfigurationList;
			buildConfigurations = (
				FC3AD58728CCDE1A00855520 /* Debug */,
				FC3AD58828CCDE1A00855520 /* Release */,
			);
			defaultConfigurationIsVisible = 0;
			defaultConfigurationName = Release;
		};
/* End XCConfigurationList section */

/* Begin XCVersionGroup section */
		FC3AD55F28CCDE1700855520 /* Movies_App.xcdatamodeld */ = {
			isa = XCVersionGroup;
			children = (
				FC3AD56028CCDE1700855520 /* Movies_App.xcdatamodel */,
			);
			currentVersion = FC3AD56028CCDE1700855520 /* Movies_App.xcdatamodel */;
			path = Movies_App.xcdatamodeld;
			sourceTree = "<group>";
			versionGroupType = wrapper.xcdatamodel;
		};
/* End XCVersionGroup section */
	};
	rootObject = FC3AD54B28CCDE1700855520 /* Project object */;
}
