// !$*UTF8*$!
{
	archiveVersion = 1;
	classes = {
	};
	objectVersion = 55;
	objects = {

/* Begin PBXBuildFile section */
		FC3AD55728CCDE1700855520 /* AppDelegate.swift in Sources */ = {isa = PBXBuildFile; fileRef = FC3AD55628CCDE1700855520 /* AppDelegate.swift */; };
		FC3AD55928CCDE1700855520 /* SceneDelegate.swift in Sources */ = {isa = PBXBuildFile; fileRef = FC3AD55828CCDE1700855520 /* SceneDelegate.swift */; };
		FC3AD55B28CCDE1700855520 /* ViewController.swift in Sources */ = {isa = PBXBuildFile; fileRef = FC3AD55A28CCDE1700855520 /* ViewController.swift */; };
		FC3AD55E28CCDE1700855520 /* Main.storyboard in Resources */ = {isa = PBXBuildFile; fileRef = FC3AD55C28CCDE1700855520 /* Main.storyboard */; };
		FC3AD56128CCDE1700855520 /* Movies_App.xcdatamodeld in Sources */ = {isa = PBXBuildFile; fileRef = FC3AD55F28CCDE1700855520 /* Movies_App.xcdatamodeld */; };
		FC3AD56328CCDE1A00855520 /* Assets.xcassets in Resources */ = {isa = PBXBuildFile; fileRef = FC3AD56228CCDE1A00855520 /* Assets.xcassets */; };
		FC3AD56628CCDE1A00855520 /* LaunchScreen.storyboard in Resources */ = {isa = PBXBuildFile; fileRef = FC3AD56428CCDE1A00855520 /* LaunchScreen.storyboard */; };
		FC3AD57128CCDE1A00855520 /* Movies_AppTests.swift in Sources */ = {isa = PBXBuildFile; fileRef = FC3AD57028CCDE1A00855520 /* Movies_AppTests.swift */; };
		FC3AD57B28CCDE1A00855520 /* Movies_AppUITests.swift in Sources */ = {isa = PBXBuildFile; fileRef = FC3AD57A28CCDE1A00855520 /* Movies_AppUITests.swift */; };
		FC3AD57D28CCDE1A00855520 /* Movies_AppUITestsLaunchTests.swift in Sources */ = {isa = PBXBuildFile; fileRef = FC3AD57C28CCDE1A00855520 /* Movies_AppUITestsLaunchTests.swift */; };
/* End PBXBuildFile section */

/* Begin PBXContainerItemProxy section */
		FC3AD56D28CCDE1A00855520 /* PBXContainerItemProxy */ = {
			isa = PBXContainerItemProxy;
			containerPortal = FC3AD54B28CCDE1700855520 /* Project object */;
			proxyType = 1;
			remoteGlobalIDString = FC3AD55228CCDE1700855520;
			remoteInfo = "Movies App";
		};
		FC3AD57728CCDE1A00855520 /* PBXContainerItemProxy */ = {
			isa = PBXContainerItemProxy;
			containerPortal = FC3AD54B28CCDE1700855520 /* Project object */;
			proxyType = 1;
			remoteGlobalIDString = FC3AD55228CCDE1700855520;
			remoteInfo = "Movies App";
		};
/* End PBXContainerItemProxy section */

/* Begin PBXFileReference section */
		FC3AD55328CCDE1700855520 /* Movies App.app */ = {isa = PBXFileReference; explicitFileType = wrapper.application; includeInIndex = 0; path = "Movies App.app"; sourceTree = BUILT_PRODUCTS_DIR; };
		FC3AD55628CCDE1700855520 /* AppDelegate.swift */ = {isa = PBXFileReference; lastKnownFileType = sourcecode.swift; path = AppDelegate.swift; sourceTree = "<group>"; };
		FC3AD55828CCDE1700855520 /* SceneDelegate.swift */ = {isa = PBXFileReference; lastKnownFileType = sourcecode.swift; path = SceneDelegate.swift; sourceTree = "<group>"; };
		FC3AD55A28CCDE1700855520 /* ViewController.swift */ = {isa = PBXFileReference; lastKnownFileType = sourcecode.swift; path = ViewController.swift; sourceTree = "<group>"; };
		FC3AD55D28CCDE1700855520 /* Base */ = {isa = PBXFileReference; lastKnownFileType = file.storyboard; name = Base; path = Base.lproj/Main.storyboard; sourceTree = "<group>"; };
		FC3AD56028CCDE1700855520 /* Movies_App.xcdatamodel */ = {isa = PBXFileReference; lastKnownFileType = wrapper.xcdatamodel; path = Movies_App.xcdatamodel; sourceTree = "<group>"; };
		FC3AD56228CCDE1A00855520 /* Assets.xcassets */ = {isa = PBXFileReference; lastKnownFileType = folder.assetcatalog; path = Assets.xcassets; sourceTree = "<group>"; };
		FC3AD56528CCDE1A00855520 /* Base */ = {isa = PBXFileReference; lastKnownFileType = file.storyboard; name = Base; path = Base.lproj/LaunchScreen.storyboard; sourceTree = "<group>"; };
		FC3AD56728CCDE1A00855520 /* Info.plist */ = {isa = PBXFileReference; lastKnownFileType = text.plist.xml; path = Info.plist; sourceTree = "<group>"; };
		FC3AD56C28CCDE1A00855520 /* Movies AppTests.xctest */ = {isa = PBXFileReference; explicitFileType = wrapper.cfbundle; includeInIndex = 0; path = "Movies AppTests.xctest"; sourceTree = BUILT_PRODUCTS_DIR; };
		FC3AD57028CCDE1A00855520 /* Movies_AppTests.swift */ = {isa = PBXFileReference; lastKnownFileType = sourcecode.swift; path = Movies_AppTests.swift; sourceTree = "<group>"; };
		FC3AD57628CCDE1A00855520 /* Movies AppUITests.xctest */ = {isa = PBXFileReference; explicitFileType = wrapper.cfbundle; includeInIndex = 0; path = "Movies AppUITests.xctest"; sourceTree = BUILT_PRODUCTS_DIR; };
		FC3AD57A28CCDE1A00855520 /* Movies_AppUITests.swift */ = {isa = PBXFileReference; lastKnownFileType = sourcecode.swift; path = Movies_AppUITests.swift; sourceTree = "<group>"; };
		FC3AD57C28CCDE1A00855520 /* Movies_AppUITestsLaunchTests.swift */ = {isa = PBXFileReference; lastKnownFileType = sourcecode.swift; path = Movies_AppUITestsLaunchTests.swift; sourceTree = "<group>"; };
/* End PBXFileReference section */

/* Begin PBXFrameworksBuildPhase section */
		FC3AD55028CCDE1700855520 /* Frameworks */ = {
			isa = PBXFrameworksBuildPhase;
			buildActionMask = 2147483647;
			files = (
			);
			runOnlyForDeploymentPostprocessing = 0;
		};
		FC3AD56928CCDE1A00855520 /* Frameworks */ = {
			isa = PBXFrameworksBuildPhase;
			buildActionMask = 2147483647;
			files = (
			);
			runOnlyForDeploymentPostprocessing = 0;
		};
		FC3AD57328CCDE1A00855520 /* Frameworks */ = {
			isa = PBXFrameworksBuildPhase;
			buildActionMask = 2147483647;
			files = (
			);
			runOnlyForDeploymentPostprocessing = 0;
		};
/* End PBXFrameworksBuildPhase section */

/* Begin PBXGroup section */
		FC3AD54A28CCDE1700855520 = {
			isa = PBXGroup;
			children = (
				FC3AD55528CCDE1700855520 /* Movies App */,
				FC3AD56F28CCDE1A00855520 /* Movies AppTests */,
				FC3AD57928CCDE1A00855520 /* Movies AppUITests */,
				FC3AD55428CCDE1700855520 /* Products */,
			);
			sourceTree = "<group>";
		};
		FC3AD55428CCDE1700855520 /* Products */ = {
			isa = PBXGroup;
			children = (
				FC3AD55328CCDE1700855520 /* Movies App.app */,
				FC3AD56C28CCDE1A00855520 /* Movies AppTests.xctest */,
				FC3AD57628CCDE1A00855520 /* Movies AppUITests.xctest */,
			);
			name = Products;
			sourceTree = "<group>";
		};
		FC3AD55528CCDE1700855520 /* Movies App */ = {
			isa = PBXGroup;
			children = (
				FC3AD55628CCDE1700855520 /* AppDelegate.swift */,
				FC3AD55828CCDE1700855520 /* SceneDelegate.swift */,
				FC3AD55A28CCDE1700855520 /* ViewController.swift */,
				FC3AD55C28CCDE1700855520 /* Main.storyboard */,
				FC3AD56228CCDE1A00855520 /* Assets.xcassets */,
				FC3AD56428CCDE1A00855520 /* LaunchScreen.storyboard */,
				FC3AD56728CCDE1A00855520 /* Info.plist */,
				FC3AD55F28CCDE1700855520 /* Movies_App.xcdatamodeld */,
			);
			path = "Movies App";
			sourceTree = "<group>";
		};
		FC3AD56F28CCDE1A00855520 /* Movies AppTests */ = {
			isa = PBXGroup;
			children = (
				FC3AD57028CCDE1A00855520 /* Movies_AppTests.swift */,
			);
			path = "Movies AppTests";
			sourceTree = "<group>";
		};
		FC3AD57928CCDE1A00855520 /* Movies AppUITests */ = {
			isa = PBXGroup;
			children = (
				FC3AD57A28CCDE1A00855520 /* Movies_AppUITests.swift */,
				FC3AD57C28CCDE1A00855520 /* Movies_AppUITestsLaunchTests.swift */,
			);
			path = "Movies AppUITests";
			sourceTree = "<group>";
		};
/* End PBXGroup section */

/* Begin PBXNativeTarget section */
		FC3AD55228CCDE1700855520 /* Movies App */ = {
			isa = PBXNativeTarget;
			buildConfigurationList = FC3AD58028CCDE1A00855520 /* Build configuration list for PBXNativeTarget "Movies App" */;
			buildPhases = (
				FC3AD54F28CCDE1700855520 /* Sources */,
				FC3AD55028CCDE1700855520 /* Frameworks */,
				FC3AD55128CCDE1700855520 /* Resources */,
			);
			buildRules = (
			);
			dependencies = (
			);
			name = "Movies App";
			productName = "Movies App";
			productReference = FC3AD55328CCDE1700855520 /* Movies App.app */;
			productType = "com.apple.product-type.application";
		};
		FC3AD56B28CCDE1A00855520 /* Movies AppTests */ = {
			isa = PBXNativeTarget;
			buildConfigurationList = FC3AD58328CCDE1A00855520 /* Build configuration list for PBXNativeTarget "Movies AppTests" */;
			buildPhases = (
				FC3AD56828CCDE1A00855520 /* Sources */,
				FC3AD56928CCDE1A00855520 /* Frameworks */,
				FC3AD56A28CCDE1A00855520 /* Resources */,
			);
			buildRules = (
			);
			dependencies = (
				FC3AD56E28CCDE1A00855520 /* PBXTargetDependency */,
			);
			name = "Movies AppTests";
			productName = "Movies AppTests";
			productReference = FC3AD56C28CCDE1A00855520 /* Movies AppTests.xctest */;
			productType = "com.apple.product-type.bundle.unit-test";
		};
		FC3AD57528CCDE1A00855520 /* Movies AppUITests */ = {
			isa = PBXNativeTarget;
			buildConfigurationList = FC3AD58628CCDE1A00855520 /* Build configuration list for PBXNativeTarget "Movies AppUITests" */;
			buildPhases = (
				FC3AD57228CCDE1A00855520 /* Sources */,
				FC3AD57328CCDE1A00855520 /* Frameworks */,
				FC3AD57428CCDE1A00855520 /* Resources */,
			);
			buildRules = (
			);
			dependencies = (
				FC3AD57828CCDE1A00855520 /* PBXTargetDependency */,
			);
			name = "Movies AppUITests";
			productName = "Movies AppUITests";
			productReference = FC3AD57628CCDE1A00855520 /* Movies AppUITests.xctest */;
			productType = "com.apple.product-type.bundle.ui-testing";
		};
/* End PBXNativeTarget section */

/* Begin PBXProject section */
		FC3AD54B28CCDE1700855520 /* Project object */ = {
			isa = PBXProject;
			attributes = {
				BuildIndependentTargetsInParallel = 1;
				LastSwiftUpdateCheck = 1340;
				LastUpgradeCheck = 1340;
				TargetAttributes = {
					FC3AD55228CCDE1700855520 = {
						CreatedOnToolsVersion = 13.4.1;
					};
					FC3AD56B28CCDE1A00855520 = {
						CreatedOnToolsVersion = 13.4.1;
						TestTargetID = FC3AD55228CCDE1700855520;
					};
					FC3AD57528CCDE1A00855520 = {
						CreatedOnToolsVersion = 13.4.1;
						TestTargetID = FC3AD55228CCDE1700855520;
					};
				};
			};
			buildConfigurationList = FC3AD54E28CCDE1700855520 /* Build configuration list for PBXProject "Movies App" */;
			compatibilityVersion = "Xcode 13.0";
			developmentRegion = en;
			hasScannedForEncodings = 0;
			knownRegions = (
				en,
				Base,
			);
			mainGroup = FC3AD54A28CCDE1700855520;
			productRefGroup = FC3AD55428CCDE1700855520 /* Products */;
			projectDirPath = "";
			projectRoot = "";
			targets = (
				FC3AD55228CCDE1700855520 /* Movies App */,
				FC3AD56B28CCDE1A00855520 /* Movies AppTests */,
				FC3AD57528CCDE1A00855520 /* Movies AppUITests */,
			);
		};
/* End PBXProject section */

/* Begin PBXResourcesBuildPhase section */
		FC3AD55128CCDE1700855520 /* Resources */ = {
			isa = PBXResourcesBuildPhase;
			buildActionMask = 2147483647;
			files = (
				FC3AD56628CCDE1A00855520 /* LaunchScreen.storyboard in Resources */,
				FC3AD56328CCDE1A00855520 /* Assets.xcassets in Resources */,
				FC3AD55E28CCDE1700855520 /* Main.storyboard in Resources */,
			);
			runOnlyForDeploymentPostprocessing = 0;
		};
		FC3AD56A28CCDE1A00855520 /* Resources */ = {
			isa = PBXResourcesBuildPhase;
			buildActionMask = 2147483647;
			files = (
			);
			runOnlyForDeploymentPostprocessing = 0;
		};
		FC3AD57428CCDE1A00855520 /* Resources */ = {
			isa = PBXResourcesBuildPhase;
			buildActionMask = 2147483647;
			files = (
			);
			runOnlyForDeploymentPostprocessing = 0;
		};
/* End PBXResourcesBuildPhase section */

/* Begin PBXSourcesBuildPhase section */
		FC3AD54F28CCDE1700855520 /* Sources */ = {
			isa = PBXSourcesBuildPhase;
			buildActionMask = 2147483647;
			files = (
				FC3AD55B28CCDE1700855520 /* ViewController.swift in Sources */,
				FC3AD55728CCDE1700855520 /* AppDelegate.swift in Sources */,
				FC3AD56128CCDE1700855520 /* Movies_App.xcdatamodeld in Sources */,
				FC3AD55928CCDE1700855520 /* SceneDelegate.swift in Sources */,
			);
			runOnlyForDeploymentPostprocessing = 0;
		};
		FC3AD56828CCDE1A00855520 /* Sources */ = {
			isa = PBXSourcesBuildPhase;
			buildActionMask = 2147483647;
			files = (
				FC3AD57128CCDE1A00855520 /* Movies_AppTests.swift in Sources */,
			);
			runOnlyForDeploymentPostprocessing = 0;
		};
		FC3AD57228CCDE1A00855520 /* Sources */ = {
			isa = PBXSourcesBuildPhase;
			buildActionMask = 2147483647;
			files = (
				FC3AD57B28CCDE1A00855520 /* Movies_AppUITests.swift in Sources */,
				FC3AD57D28CCDE1A00855520 /* Movies_AppUITestsLaunchTests.swift in Sources */,
			);
			runOnlyForDeploymentPostprocessing = 0;
		};
/* End PBXSourcesBuildPhase section */

/* Begin PBXTargetDependency section */
		FC3AD56E28CCDE1A00855520 /* PBXTargetDependency */ = {
			isa = PBXTargetDependency;
			target = FC3AD55228CCDE1700855520 /* Movies App */;
			targetProxy = FC3AD56D28CCDE1A00855520 /* PBXContainerItemProxy */;
		};
		FC3AD57828CCDE1A00855520 /* PBXTargetDependency */ = {
			isa = PBXTargetDependency;
			target = FC3AD55228CCDE1700855520 /* Movies App */;
			targetProxy = FC3AD57728CCDE1A00855520 /* PBXContainerItemProxy */;
		};
/* End PBXTargetDependency section */

/* Begin PBXVariantGroup section */
		FC3AD55C28CCDE1700855520 /* Main.storyboard */ = {
			isa = PBXVariantGroup;
			children = (
				FC3AD55D28CCDE1700855520 /* Base */,
			);
			name = Main.storyboard;
			sourceTree = "<group>";
		};
		FC3AD56428CCDE1A00855520 /* LaunchScreen.storyboard */ = {
			isa = PBXVariantGroup;
			children = (
				FC3AD56528CCDE1A00855520 /* Base */,
			);
			name = LaunchScreen.storyboard;
			sourceTree = "<group>";
		};
/* End PBXVariantGroup section */

/* Begin XCBuildConfiguration section */
		FC3AD57E28CCDE1A00855520 /* Debug */ = {
			isa = XCBuildConfiguration;
			buildSettings = {
				ALWAYS_SEARCH_USER_PATHS = NO;
				CLANG_ANALYZER_NONNULL = YES;
				CLANG_ANALYZER_NUMBER_OBJECT_CONVERSION = YES_AGGRESSIVE;
				CLANG_CXX_LANGUAGE_STANDARD = "gnu++17";
				CLANG_ENABLE_MODULES = YES;
				CLANG_ENABLE_OBJC_ARC = YES;
				CLANG_ENABLE_OBJC_WEAK = YES;
				CLANG_WARN_BLOCK_CAPTURE_AUTORELEASING = YES;
				CLANG_WARN_BOOL_CONVERSION = YES;
				CLANG_WARN_COMMA = YES;
				CLANG_WARN_CONSTANT_CONVERSION = YES;
				CLANG_WARN_DEPRECATED_OBJC_IMPLEMENTATIONS = YES;
				CLANG_WARN_DIRECT_OBJC_ISA_USAGE = YES_ERROR;
				CLANG_WARN_DOCUMENTATION_COMMENTS = YES;
				CLANG_WARN_EMPTY_BODY = YES;
				CLANG_WARN_ENUM_CONVERSION = YES;
				CLANG_WARN_INFINITE_RECURSION = YES;
				CLANG_WARN_INT_CONVERSION = YES;
				CLANG_WARN_NON_LITERAL_NULL_CONVERSION = YES;
				CLANG_WARN_OBJC_IMPLICIT_RETAIN_SELF = YES;
				CLANG_WARN_OBJC_LITERAL_CONVERSION = YES;
				CLANG_WARN_OBJC_ROOT_CLASS = YES_ERROR;
				CLANG_WARN_QUOTED_INCLUDE_IN_FRAMEWORK_HEADER = YES;
				CLANG_WARN_RANGE_LOOP_ANALYSIS = YES;
				CLANG_WARN_STRICT_PROTOTYPES = YES;
				CLANG_WARN_SUSPICIOUS_MOVE = YES;
				CLANG_WARN_UNGUARDED_AVAILABILITY = YES_AGGRESSIVE;
				CLANG_WARN_UNREACHABLE_CODE = YES;
				CLANG_WARN__DUPLICATE_METHOD_MATCH = YES;
				COPY_PHASE_STRIP = NO;
				DEBUG_INFORMATION_FORMAT = dwarf;
				ENABLE_STRICT_OBJC_MSGSEND = YES;
				ENABLE_TESTABILITY = YES;
				GCC_C_LANGUAGE_STANDARD = gnu11;
				GCC_DYNAMIC_NO_PIC = NO;
				GCC_NO_COMMON_BLOCKS = YES;
				GCC_OPTIMIZATION_LEVEL = 0;
				GCC_PREPROCESSOR_DEFINITIONS = (
					"DEBUG=1",
					"$(inherited)",
				);
				GCC_WARN_64_TO_32_BIT_CONVERSION = YES;
				GCC_WARN_ABOUT_RETURN_TYPE = YES_ERROR;
				GCC_WARN_UNDECLARED_SELECTOR = YES;
				GCC_WARN_UNINITIALIZED_AUTOS = YES_AGGRESSIVE;
				GCC_WARN_UNUSED_FUNCTION = YES;
				GCC_WARN_UNUSED_VARIABLE = YES;
				IPHONEOS_DEPLOYMENT_TARGET = 15.5;
				MTL_ENABLE_DEBUG_INFO = INCLUDE_SOURCE;
				MTL_FAST_MATH = YES;
				ONLY_ACTIVE_ARCH = YES;
				SDKROOT = iphoneos;
				SWIFT_ACTIVE_COMPILATION_CONDITIONS = DEBUG;
				SWIFT_OPTIMIZATION_LEVEL = "-Onone";
			};
			name = Debug;
		};
		FC3AD57F28CCDE1A00855520 /* Release */ = {
			isa = XCBuildConfiguration;
			buildSettings = {
				ALWAYS_SEARCH_USER_PATHS = NO;
				CLANG_ANALYZER_NONNULL = YES;
				CLANG_ANALYZER_NUMBER_OBJECT_CONVERSION = YES_AGGRESSIVE;
				CLANG_CXX_LANGUAGE_STANDARD = "gnu++17";
				CLANG_ENABLE_MODULES = YES;
				CLANG_ENABLE_OBJC_ARC = YES;
				CLANG_ENABLE_OBJC_WEAK = YES;
				CLANG_WARN_BLOCK_CAPTURE_AUTORELEASING = YES;
				CLANG_WARN_BOOL_CONVERSION = YES;
				CLANG_WARN_COMMA = YES;
				CLANG_WARN_CONSTANT_CONVERSION = YES;
				CLANG_WARN_DEPRECATED_OBJC_IMPLEMENTATIONS = YES;
				CLANG_WARN_DIRECT_OBJC_ISA_USAGE = YES_ERROR;
				CLANG_WARN_DOCUMENTATION_COMMENTS = YES;
				CLANG_WARN_EMPTY_BODY = YES;
				CLANG_WARN_ENUM_CONVERSION = YES;
				CLANG_WARN_INFINITE_RECURSION = YES;
				CLANG_WARN_INT_CONVERSION = YES;
				CLANG_WARN_NON_LITERAL_NULL_CONVERSION = YES;
				CLANG_WARN_OBJC_IMPLICIT_RETAIN_SELF = YES;
				CLANG_WARN_OBJC_LITERAL_CONVERSION = YES;
				CLANG_WARN_OBJC_ROOT_CLASS = YES_ERROR;
				CLANG_WARN_QUOTED_INCLUDE_IN_FRAMEWORK_HEADER = YES;
				CLANG_WARN_RANGE_LOOP_ANALYSIS = YES;
				CLANG_WARN_STRICT_PROTOTYPES = YES;
				CLANG_WARN_SUSPICIOUS_MOVE = YES;
				CLANG_WARN_UNGUARDED_AVAILABILITY = YES_AGGRESSIVE;
				CLANG_WARN_UNREACHABLE_CODE = YES;
				CLANG_WARN__DUPLICATE_METHOD_MATCH = YES;
				COPY_PHASE_STRIP = NO;
				DEBUG_INFORMATION_FORMAT = "dwarf-with-dsym";
				ENABLE_NS_ASSERTIONS = NO;
				ENABLE_STRICT_OBJC_MSGSEND = YES;
				GCC_C_LANGUAGE_STANDARD = gnu11;
				GCC_NO_COMMON_BLOCKS = YES;
				GCC_WARN_64_TO_32_BIT_CONVERSION = YES;
				GCC_WARN_ABOUT_RETURN_TYPE = YES_ERROR;
				GCC_WARN_UNDECLARED_SELECTOR = YES;
				GCC_WARN_UNINITIALIZED_AUTOS = YES_AGGRESSIVE;
				GCC_WARN_UNUSED_FUNCTION = YES;
				GCC_WARN_UNUSED_VARIABLE = YES;
				IPHONEOS_DEPLOYMENT_TARGET = 15.5;
				MTL_ENABLE_DEBUG_INFO = NO;
				MTL_FAST_MATH = YES;
				SDKROOT = iphoneos;
				SWIFT_COMPILATION_MODE = wholemodule;
				SWIFT_OPTIMIZATION_LEVEL = "-O";
				VALIDATE_PRODUCT = YES;
			};
			name = Release;
		};
		FC3AD58128CCDE1A00855520 /* Debug */ = {
			isa = XCBuildConfiguration;
			buildSettings = {
				ASSETCATALOG_COMPILER_APPICON_NAME = AppIcon;
				ASSETCATALOG_COMPILER_GLOBAL_ACCENT_COLOR_NAME = AccentColor;
				CODE_SIGN_STYLE = Automatic;
				CURRENT_PROJECT_VERSION = 1;
				DEVELOPMENT_TEAM = YHNN4VPXK7;
				GENERATE_INFOPLIST_FILE = YES;
				INFOPLIST_FILE = "Movies App/Info.plist";
				INFOPLIST_KEY_UIApplicationSupportsIndirectInputEvents = YES;
				INFOPLIST_KEY_UILaunchStoryboardName = LaunchScreen;
				INFOPLIST_KEY_UIMainStoryboardFile = Main;
				INFOPLIST_KEY_UISupportedInterfaceOrientations_iPad = "UIInterfaceOrientationPortrait UIInterfaceOrientationPortraitUpsideDown UIInterfaceOrientationLandscapeLeft UIInterfaceOrientationLandscapeRight";
				INFOPLIST_KEY_UISupportedInterfaceOrientations_iPhone = "UIInterfaceOrientationPortrait UIInterfaceOrientationLandscapeLeft UIInterfaceOrientationLandscapeRight";
				LD_RUNPATH_SEARCH_PATHS = (
					"$(inherited)",
					"@executable_path/Frameworks",
				);
				MARKETING_VERSION = 1.0;
				PRODUCT_BUNDLE_IDENTIFIER = "com.ahmedtaha.Movies-App";
				PRODUCT_NAME = "$(TARGET_NAME)";
				SWIFT_EMIT_LOC_STRINGS = YES;
				SWIFT_VERSION = 5.0;
				TARGETED_DEVICE_FAMILY = "1,2";
			};
			name = Debug;
		};
		FC3AD58228CCDE1A00855520 /* Release */ = {
			isa = XCBuildConfiguration;
			buildSettings = {
				ASSETCATALOG_COMPILER_APPICON_NAME = AppIcon;
				ASSETCATALOG_COMPILER_GLOBAL_ACCENT_COLOR_NAME = AccentColor;
				CODE_SIGN_STYLE = Automatic;
				CURRENT_PROJECT_VERSION = 1;
				DEVELOPMENT_TEAM = YHNN4VPXK7;
				GENERATE_INFOPLIST_FILE = YES;
				INFOPLIST_FILE = "Movies App/Info.plist";
				INFOPLIST_KEY_UIApplicationSupportsIndirectInputEvents = YES;
				INFOPLIST_KEY_UILaunchStoryboardName = LaunchScreen;
				INFOPLIST_KEY_UIMainStoryboardFile = Main;
				INFOPLIST_KEY_UISupportedInterfaceOrientations_iPad = "UIInterfaceOrientationPortrait UIInterfaceOrientationPortraitUpsideDown UIInterfaceOrientationLandscapeLeft UIInterfaceOrientationLandscapeRight";
				INFOPLIST_KEY_UISupportedInterfaceOrientations_iPhone = "UIInterfaceOrientationPortrait UIInterfaceOrientationLandscapeLeft UIInterfaceOrientationLandscapeRight";
				LD_RUNPATH_SEARCH_PATHS = (
					"$(inherited)",
					"@executable_path/Frameworks",
				);
				MARKETING_VERSION = 1.0;
				PRODUCT_BUNDLE_IDENTIFIER = "com.ahmedtaha.Movies-App";
				PRODUCT_NAME = "$(TARGET_NAME)";
				SWIFT_EMIT_LOC_STRINGS = YES;
				SWIFT_VERSION = 5.0;
				TARGETED_DEVICE_FAMILY = "1,2";
			};
			name = Release;
		};
		FC3AD58428CCDE1A00855520 /* Debug */ = {
			isa = XCBuildConfiguration;
			buildSettings = {
				ALWAYS_EMBED_SWIFT_STANDARD_LIBRARIES = YES;
				BUNDLE_LOADER = "$(TEST_HOST)";
				CODE_SIGN_STYLE = Automatic;
				CURRENT_PROJECT_VERSION = 1;
				DEVELOPMENT_TEAM = YHNN4VPXK7;
				GENERATE_INFOPLIST_FILE = YES;
				IPHONEOS_DEPLOYMENT_TARGET = 15.5;
				MARKETING_VERSION = 1.0;
				PRODUCT_BUNDLE_IDENTIFIER = "com.ahmedtaha.Movies-AppTests";
				PRODUCT_NAME = "$(TARGET_NAME)";
				SWIFT_EMIT_LOC_STRINGS = NO;
				SWIFT_VERSION = 5.0;
				TARGETED_DEVICE_FAMILY = "1,2";
				TEST_HOST = "$(BUILT_PRODUCTS_DIR)/Movies App.app/Movies App";
			};
			name = Debug;
		};
		FC3AD58528CCDE1A00855520 /* Release */ = {
			isa = XCBuildConfiguration;
			buildSettings = {
				ALWAYS_EMBED_SWIFT_STANDARD_LIBRARIES = YES;
				BUNDLE_LOADER = "$(TEST_HOST)";
				CODE_SIGN_STYLE = Automatic;
				CURRENT_PROJECT_VERSION = 1;
				DEVELOPMENT_TEAM = YHNN4VPXK7;
				GENERATE_INFOPLIST_FILE = YES;
				IPHONEOS_DEPLOYMENT_TARGET = 15.5;
				MARKETING_VERSION = 1.0;
				PRODUCT_BUNDLE_IDENTIFIER = "com.ahmedtaha.Movies-AppTests";
				PRODUCT_NAME = "$(TARGET_NAME)";
				SWIFT_EMIT_LOC_STRINGS = NO;
				SWIFT_VERSION = 5.0;
				TARGETED_DEVICE_FAMILY = "1,2";
				TEST_HOST = "$(BUILT_PRODUCTS_DIR)/Movies App.app/Movies App";
			};
			name = Release;
		};
		FC3AD58728CCDE1A00855520 /* Debug */ = {
			isa = XCBuildConfiguration;
			buildSettings = {
				ALWAYS_EMBED_SWIFT_STANDARD_LIBRARIES = YES;
				CODE_SIGN_STYLE = Automatic;
				CURRENT_PROJECT_VERSION = 1;
				DEVELOPMENT_TEAM = YHNN4VPXK7;
				GENERATE_INFOPLIST_FILE = YES;
				MARKETING_VERSION = 1.0;
				PRODUCT_BUNDLE_IDENTIFIER = "com.ahmedtaha.Movies-AppUITests";
				PRODUCT_NAME = "$(TARGET_NAME)";
				SWIFT_EMIT_LOC_STRINGS = NO;
				SWIFT_VERSION = 5.0;
				TARGETED_DEVICE_FAMILY = "1,2";
				TEST_TARGET_NAME = "Movies App";
			};
			name = Debug;
		};
		FC3AD58828CCDE1A00855520 /* Release */ = {
			isa = XCBuildConfiguration;
			buildSettings = {
				ALWAYS_EMBED_SWIFT_STANDARD_LIBRARIES = YES;
				CODE_SIGN_STYLE = Automatic;
				CURRENT_PROJECT_VERSION = 1;
				DEVELOPMENT_TEAM = YHNN4VPXK7;
				GENERATE_INFOPLIST_FILE = YES;
				MARKETING_VERSION = 1.0;
				PRODUCT_BUNDLE_IDENTIFIER = "com.ahmedtaha.Movies-AppUITests";
				PRODUCT_NAME = "$(TARGET_NAME)";
				SWIFT_EMIT_LOC_STRINGS = NO;
				SWIFT_VERSION = 5.0;
				TARGETED_DEVICE_FAMILY = "1,2";
				TEST_TARGET_NAME = "Movies App";
			};
			name = Release;
		};
/* End XCBuildConfiguration section */

/* Begin XCConfigurationList section */
		FC3AD54E28CCDE1700855520 /* Build configuration list for PBXProject "Movies App" */ = {
			isa = XCConfigurationList;
			buildConfigurations = (
				FC3AD57E28CCDE1A00855520 /* Debug */,
				FC3AD57F28CCDE1A00855520 /* Release */,
			);
			defaultConfigurationIsVisible = 0;
			defaultConfigurationName = Release;
		};
		FC3AD58028CCDE1A00855520 /* Build configuration list for PBXNativeTarget "Movies App" */ = {
			isa = XCConfigurationList;
			buildConfigurations = (
				FC3AD58128CCDE1A00855520 /* Debug */,
				FC3AD58228CCDE1A00855520 /* Release */,
			);
			defaultConfigurationIsVisible = 0;
			defaultConfigurationName = Release;
		};
		FC3AD58328CCDE1A00855520 /* Build configuration list for PBXNativeTarget "Movies AppTests" */ = {
			isa = XCConfigurationList;
			buildConfigurations = (
				FC3AD58428CCDE1A00855520 /* Debug */,
				FC3AD58528CCDE1A00855520 /* Release */,
			);
			defaultConfigurationIsVisible = 0;
			defaultConfigurationName = Release;
		};
		FC3AD58628CCDE1A00855520 /* Build configuration list for PBXNativeTarget "Movies AppUITests" */ = {
			isa = XCConfigurationList;
			buildConfigurations = (
				FC3AD58728CCDE1A00855520 /* Debug */,
				FC3AD58828CCDE1A00855520 /* Release */,
			);
			defaultConfigurationIsVisible = 0;
			defaultConfigurationName = Release;
		};
/* End XCConfigurationList section */

/* Begin XCVersionGroup section */
		FC3AD55F28CCDE1700855520 /* Movies_App.xcdatamodeld */ = {
			isa = XCVersionGroup;
			children = (
				FC3AD56028CCDE1700855520 /* Movies_App.xcdatamodel */,
			);
			currentVersion = FC3AD56028CCDE1700855520 /* Movies_App.xcdatamodel */;
			path = Movies_App.xcdatamodeld;
			sourceTree = "<group>";
			versionGroupType = wrapper.xcdatamodel;
		};
/* End XCVersionGroup section */
	};
	rootObject = FC3AD54B28CCDE1700855520 /* Project object */;
}
